// !$*UTF8*$!
{
	archiveVersion = 1;
	classes = {
	};
	objectVersion = 63;
	objects = {

/* Begin PBXBuildFile section */
		00E858ED0B635DF7E12967EE /* EmailPasswordAuthService.swift in Sources */ = {isa = PBXBuildFile; fileRef = C3301AB014CB54626DAE3275 /* EmailPasswordAuthService.swift */; };
		00EA69A3812279DCFA359184 /* EmailManager.swift in Sources */ = {isa = PBXBuildFile; fileRef = 88D3605DC09A0F7722491A3F /* EmailManager.swift */; };
		011A8CDFEC9B5A2F2676881B /* EditableWorkoutCard.swift in Sources */ = {isa = PBXBuildFile; fileRef = 51956D4B41EB54B7F05BDEFC /* EditableWorkoutCard.swift */; };
		025966618AE39C994C785DAE /* UserRepository.swift in Sources */ = {isa = PBXBuildFile; fileRef = D57580B62864E158CB32E3FC /* UserRepository.swift */; };
		05DF53AD35FA561130D5A388 /* WorkoutSessionView.swift in Sources */ = {isa = PBXBuildFile; fileRef = 9880958DC27E60075809B30D /* WorkoutSessionView.swift */; };
		09BF637EBC03DE8E9CA1347F /* ProfileTab.swift in Sources */ = {isa = PBXBuildFile; fileRef = 2AD876559D9F2136388B37FF /* ProfileTab.swift */; };
		0A74F0F12F28BBBB8A432D84 /* CalendarTab.swift in Sources */ = {isa = PBXBuildFile; fileRef = D3572F554EA702F4F8C6B715 /* CalendarTab.swift */; };
		0E24B79154ACC72F93D2D62E /* WorkoutDivider.swift in Sources */ = {isa = PBXBuildFile; fileRef = B74EB8DBCD5F332533B341D4 /* WorkoutDivider.swift */; };
		127AD70B8F0A51104096E7A0 /* HealthKitManager.swift in Sources */ = {isa = PBXBuildFile; fileRef = D11918831E7E2977AA973043 /* HealthKitManager.swift */; };
		13DECE3E661DFE7286C712BF /* AddWorkoutTab.swift in Sources */ = {isa = PBXBuildFile; fileRef = 0D38E8B33BD997AD4B12F9B9 /* AddWorkoutTab.swift */; };
		1464DEAA0D7E51B4341CF530 /* CaptionParsedWorkout.swift in Sources */ = {isa = PBXBuildFile; fileRef = E339D76A151BBC499BD8CB96 /* CaptionParsedWorkout.swift */; };
		155D538F0753B74BC2A9FDB9 /* APIClient.swift in Sources */ = {isa = PBXBuildFile; fileRef = 58DD7FD8F8122D3500FCA2E7 /* APIClient.swift */; };
		156DB48E2F620ADD008C9CE4 /* exercises.json in Resources */ = {isa = PBXBuildFile; fileRef = 156DB48D2F620ADD008C9CE4 /* exercises.json */; };
		157D0CC92F62041B00AAAEF8 /* free-exercise-db.json in Resources */ = {isa = PBXBuildFile; fileRef = 157D0CC82F62041B00AAAEF8 /* free-exercise-db.json */; };
		15F6E3582C94F72DC9627D69 /* JSONCoding.swift in Sources */ = {isa = PBXBuildFile; fileRef = 74861895E759A15ECC647EA5 /* JSONCoding.swift */; };
		166253E1C029BF71DFFC0C24 /* MainTabView.swift in Sources */ = {isa = PBXBuildFile; fileRef = 9D0EF7B80A9ECCD4A5E9A6BF /* MainTabView.swift */; };
		19209DA66BC8B9D3A71470C1 /* MetricsTab.swift in Sources */ = {isa = PBXBuildFile; fileRef = 6E7FE8582F4174BABCBE2E20 /* MetricsTab.swift */; };
		1A4DF8B22B7A0DAB39B39156 /* StoreKitManager.swift in Sources */ = {isa = PBXBuildFile; fileRef = F6389F7E8E5AE954AD48F2A0 /* StoreKitManager.swift */; };
		1B48EA3708EE44E87571E19A /* QuickProfileStep.swift in Sources */ = {isa = PBXBuildFile; fileRef = CB4F12B5270D71F5698DD3AD /* QuickProfileStep.swift */; };
		1F300C392F2383DD0F97879F /* BodyMetric.swift in Sources */ = {isa = PBXBuildFile; fileRef = 4321971ED635AECEC974AD81 /* BodyMetric.swift */; };
		20C1E86B60962A17786862EA /* PurchaseValidator.swift in Sources */ = {isa = PBXBuildFile; fileRef = B684CB5C65893670C5687DD3 /* PurchaseValidator.swift */; };
		23065E977C328D7B92DE337A /* SubscriptionStatusView.swift in Sources */ = {isa = PBXBuildFile; fileRef = 85B0DE5BDD43E7C71EA17DA2 /* SubscriptionStatusView.swift */; };
		232827D435953630F2808BE8 /* CreateWorkoutView.swift in Sources */ = {isa = PBXBuildFile; fileRef = 2AD56FEE5B4C3361F696FDB4 /* CreateWorkoutView.swift */; };
		2337FBA148A30C7874DFA5ED /* EmailSignUpView.swift in Sources */ = {isa = PBXBuildFile; fileRef = 9B36F6F2A259E9ED40867B1E /* EmailSignUpView.swift */; };
		25CED3E0875FC21B8E140C2A /* EnhancementResultView.swift in Sources */ = {isa = PBXBuildFile; fileRef = CD742703F77A788904A06A5F /* EnhancementResultView.swift */; };
		25DEE1B8B292F69B97BBA9C5 /* OfflineModeManager.swift in Sources */ = {isa = PBXBuildFile; fileRef = C20C76609EAE36336422CD69 /* OfflineModeManager.swift */; };
		26E395664292735CD6DDEE7E /* KinexFitShareExtension.appex in Embed Foundation Extensions */ = {isa = PBXBuildFile; fileRef = A41D4084856AA0A62DCE9663 /* KinexFitShareExtension.appex */; settings = {ATTRIBUTES = (RemoveHeadersOnCopy, ); }; };
		287664179876E59E837BCC4B /* PaywallView.swift in Sources */ = {isa = PBXBuildFile; fileRef = 3F402A3F3DE6BDF3FCD59480 /* PaywallView.swift */; };
		2D0EB79E53F871504B87910B /* GuestModeManager.swift in Sources */ = {isa = PBXBuildFile; fileRef = DC5827C3D3EFFF58FA0FDF42 /* GuestModeManager.swift */; };
		2E05F525A0643870A093232E /* AuthSessionEvents.swift in Sources */ = {isa = PBXBuildFile; fileRef = CB1E49E06BC7F95EFA01F1B4 /* AuthSessionEvents.swift */; };
		2F66D0F702C92C0CD43A14D7 /* StatsRepository.swift in Sources */ = {isa = PBXBuildFile; fileRef = 9C24EF33BE37B2A6FCB88132 /* StatsRepository.swift */; };
		30C2DE10CD6E328B67599FAF /* RootView.swift in Sources */ = {isa = PBXBuildFile; fileRef = 2E709444D0AC40ADA209D9CD /* RootView.swift */; };
		317F86ED5C7CCF197B9A57A2 /* TikTokImportService.swift in Sources */ = {isa = PBXBuildFile; fileRef = 3DE1A80E3550E8306808AAE6 /* TikTokImportService.swift */; };
		3307AE96623C917EFAA1A64E /* GoalsStep.swift in Sources */ = {isa = PBXBuildFile; fileRef = 79B76C6F65A467AA43413079 /* GoalsStep.swift */; };
		344CFB8B146FE0E57DEBA93A /* WorkoutCardEditor.swift in Sources */ = {isa = PBXBuildFile; fileRef = 9F60E54415F0ED89B8401793 /* WorkoutCardEditor.swift */; };
		3711488B4A32BB904B139CBF /* InstagramImportTab.swift in Sources */ = {isa = PBXBuildFile; fileRef = EDCF82EF1BF5C7505375EA3F /* InstagramImportTab.swift */; };
		388763A7A3C19DD5BC3FF17E /* Badge.swift in Sources */ = {isa = PBXBuildFile; fileRef = 6C3535EA4720CC539648388C /* Badge.swift */; };
		38F8976C6AD953C18BE4758B /* FeatureFlagService.swift in Sources */ = {isa = PBXBuildFile; fileRef = F2AD3E020C9A72E6FB14A083 /* FeatureFlagService.swift */; };
		3AD197A45D6DB4B6A213932E /* AIModels.swift in Sources */ = {isa = PBXBuildFile; fileRef = 70ABEEED580A4286BD546CD2 /* AIModels.swift */; };
		3C07EA85317E159E624EC4D3 /* APIRequest.swift in Sources */ = {isa = PBXBuildFile; fileRef = F2EAFB44BCE60B9DDA8F41D2 /* APIRequest.swift */; };
		3D366807F9469173DFA3C2DE /* WorkoutRepository.swift in Sources */ = {isa = PBXBuildFile; fileRef = 6391591B6604353BBDF2EA34 /* WorkoutRepository.swift */; };
		3F4C74AD310F7F647878DB3A /* GoogleSignIn in Frameworks */ = {isa = PBXBuildFile; productRef = 917FA021EEB3292AB35945B4 /* GoogleSignIn */; };
		3F63586E3D4560F36D4D3147 /* VideoCacheManager.swift in Sources */ = {isa = PBXBuildFile; fileRef = 9A5A15ECDE75BDC2DE543F59 /* VideoCacheManager.swift */; };
		42AE2E4E7F5C15F927A98ADB /* URLExpansionService.swift in Sources */ = {isa = PBXBuildFile; fileRef = D3AB50FF0BE389D56D633A9D /* URLExpansionService.swift */; };
		492BE5FA7C60CBA61558A806 /* NotificationManager.swift in Sources */ = {isa = PBXBuildFile; fileRef = 52B1F42262E12F7924C4E82A /* NotificationManager.swift */; };
		49809D7744B1D0E997698D7E /* APIRequest+Metrics.swift in Sources */ = {isa = PBXBuildFile; fileRef = 99F505B9A4C5DA308FE8A172 /* APIRequest+Metrics.swift */; };
		507258834C91D31553383E7A /* CompleteStep.swift in Sources */ = {isa = PBXBuildFile; fileRef = 479A4A2D835B9A041507FD64 /* CompleteStep.swift */; };
		525DC6C36AC7F4DA9700BE8D /* ScheduleStep.swift in Sources */ = {isa = PBXBuildFile; fileRef = B67C2A0E101BCD694B5C661C /* ScheduleStep.swift */; };
		5489CB92230289420246E89A /* AuthSmokeTests.swift in Sources */ = {isa = PBXBuildFile; fileRef = F50E11B9223C0E7A0A8ACD92 /* AuthSmokeTests.swift */; };
		54BF1FD514704B26BDA3530E /* StatCard.swift in Sources */ = {isa = PBXBuildFile; fileRef = 3EEFF07B285A8E85D0F3D5FF /* StatCard.swift */; };
		56D70DC2F2EC3A6C843751DB /* TikTokCaptionPreprocessor.swift in Sources */ = {isa = PBXBuildFile; fileRef = 89B6A90F21F8FE3236D8FBAB /* TikTokCaptionPreprocessor.swift */; };
		58227D0F98C426A2F8A04706 /* HelpView.swift in Sources */ = {isa = PBXBuildFile; fileRef = 0934E344F05738B7ED931F63 /* HelpView.swift */; };
		5B58FDA1781E2E15D65F5674 /* CaptionParser.swift in Sources */ = {isa = PBXBuildFile; fileRef = C72AF33C18A94242748695B5 /* CaptionParser.swift */; };
		5D0193B2023E9975DBFFA42F /* WorkoutRowView.swift in Sources */ = {isa = PBXBuildFile; fileRef = DD63365294142619EA613B2A /* WorkoutRowView.swift */; };
		654C8738208560002FAC047A /* WatchConnectivityManager.swift in Sources */ = {isa = PBXBuildFile; fileRef = E9B6B62AD78C8C4D70F4A35B /* WatchConnectivityManager.swift */; };
		66073701149A5485DDF897CB /* APIRequest+InstagramImport.swift in Sources */ = {isa = PBXBuildFile; fileRef = 48B0B9D0A31BB4C2A29A288C /* APIRequest+InstagramImport.swift */; };
		66216D0063BFABD68FDD75FE /* WelcomeStep.swift in Sources */ = {isa = PBXBuildFile; fileRef = 073756617261BC671E989161 /* WelcomeStep.swift */; };
		68C69C70239017378AC2A5ED /* InstagramImport.swift in Sources */ = {isa = PBXBuildFile; fileRef = D2C9A223E816F231463E51A8 /* InstagramImport.swift */; };
		6ACD17A9B0447FF00B987C92 /* ImportFirstOnboardingView.swift in Sources */ = {isa = PBXBuildFile; fileRef = BA9BB51F40FFC0491BBFD663 /* ImportFirstOnboardingView.swift */; };
		6D8819C5BBB3E7BCE544A9A8 /* AIGeneratorCard.swift in Sources */ = {isa = PBXBuildFile; fileRef = 0BB65F99FCAF2F3406FD8CA0 /* AIGeneratorCard.swift */; };
		6EB143FA38D0008B24655E9D /* OnboardingAnalytics.swift in Sources */ = {isa = PBXBuildFile; fileRef = 843AE4319B0F00CB69F23D00 /* OnboardingAnalytics.swift */; };
		71A6698DF6EF0DB7944174F5 /* SyncEngine.swift in Sources */ = {isa = PBXBuildFile; fileRef = 52211B3F0A951675FC69E087 /* SyncEngine.swift */; };
		7248258A5505B2CFBC403B01 /* FreeExerciseDBLoader.swift in Sources */ = {isa = PBXBuildFile; fileRef = E4D1BB37848C20B17F9A62AA /* FreeExerciseDBLoader.swift */; };
		734A7B378A0C3339C4D0990C /* AppLinks.swift in Sources */ = {isa = PBXBuildFile; fileRef = F82A1736672A56EF8E1C5C34 /* AppLinks.swift */; };
		77B7FCCB49712235F0CA6E87 /* AIQuotaIndicator.swift in Sources */ = {isa = PBXBuildFile; fileRef = 948984025EFE2F1765915861 /* AIQuotaIndicator.swift */; };
		78B6185CA0DB8536DAE154C4 /* BackgroundSyncTask.swift in Sources */ = {isa = PBXBuildFile; fileRef = 5E6BC7E58A505B8B208C96A7 /* BackgroundSyncTask.swift */; };
		78DBBF5860D578D0007BDCC4 /* InstagramFetchModels.swift in Sources */ = {isa = PBXBuildFile; fileRef = CB5869D9A823BD46BE4FB619 /* InstagramFetchModels.swift */; };
		7AEC531D38224C078529EE8E /* AppState.swift in Sources */ = {isa = PBXBuildFile; fileRef = 4AACF2EE09167A0E03B08E17 /* AppState.swift */; };
		7B6F1B0EB9C1D79904504E3C /* ProgressComparisonService.swift in Sources */ = {isa = PBXBuildFile; fileRef = 229A7EABEB7465837A6EB861 /* ProgressComparisonService.swift */; };
		7C17B8902507B3F6FEBBCB09 /* WorkoutFormView.swift in Sources */ = {isa = PBXBuildFile; fileRef = 9598CFF27DE251970B63899E /* WorkoutFormView.swift */; };
		816DD0AEF047E6BB593759C7 /* CaptionImportParsingService.swift in Sources */ = {isa = PBXBuildFile; fileRef = D76AADFD2568EF7B0D190468 /* CaptionImportParsingService.swift */; };
		8609320B7CF72BC1909178DE /* InstagramImportReviewView.swift in Sources */ = {isa = PBXBuildFile; fileRef = ACB1E1EF855F1B4253BF0A76 /* InstagramImportReviewView.swift */; };
		8858D470E6035723B5120AFB /* NotificationPermissionView.swift in Sources */ = {isa = PBXBuildFile; fileRef = A825E2DF7800911492375643 /* NotificationPermissionView.swift */; };
		88BCB20EBB14C894C3BFF013 /* NotificationPreferencesView.swift in Sources */ = {isa = PBXBuildFile; fileRef = C0ADFD647736CC175878EAFC /* NotificationPreferencesView.swift */; };
		8B94A72C3A14A2058879A2C6 /* AIService.swift in Sources */ = {isa = PBXBuildFile; fileRef = E52FA56000EC75AE17763243 /* AIService.swift */; };
		8DE533AE0302CE90C3DB5D9C /* Workout.swift in Sources */ = {isa = PBXBuildFile; fileRef = 20508A2BD41BA405C201B120 /* Workout.swift */; };
		9498561B93A2B103965010D3 /* NetworkMonitor.swift in Sources */ = {isa = PBXBuildFile; fileRef = 59BBCF9A923ADEE93F8A608E /* NetworkMonitor.swift */; };
		9680C81FC3CD35CAB2F9EF37 /* ImportProgressView.swift in Sources */ = {isa = PBXBuildFile; fileRef = C6ACEC604FB4B38A47367C37 /* ImportProgressView.swift */; };
		9820E0739B7417CD0DB3B6BD /* HomeStats.swift in Sources */ = {isa = PBXBuildFile; fileRef = 391F5DB9958843CE2390431E /* HomeStats.swift */; };
		99A7555F6D727FA93E115238 /* HomeTab.swift in Sources */ = {isa = PBXBuildFile; fileRef = 94CDE058A8B8512123A40228 /* HomeTab.swift */; };
		9AC617055E83790A07587064 /* FetchStateView.swift in Sources */ = {isa = PBXBuildFile; fileRef = 19AF704046B0E8A7553DBFDE /* FetchStateView.swift */; };
		9D288D430C2FF4F7C402F9B5 /* WorkoutFilterManager.swift in Sources */ = {isa = PBXBuildFile; fileRef = 9EC437FE4BC6C866C70C3723 /* WorkoutFilterManager.swift */; };
		A1CCF999F330B5E445843E22 /* Assets.xcassets in Resources */ = {isa = PBXBuildFile; fileRef = 5D6F6DFA9632A3288589095E /* Assets.xcassets */; };
		A1D84016BB58AAFD5556E224 /* OCRResultView.swift in Sources */ = {isa = PBXBuildFile; fileRef = D03E5FF6477F2DC34E498DC0 /* OCRResultView.swift */; };
		A296BD23F6C64EF992BA6A77 /* HapticManager.swift in Sources */ = {isa = PBXBuildFile; fileRef = 6C5B10778A71AABD3324E4CD /* HapticManager.swift */; };
		A32ED93C4AB20B2A21ADB044 /* WorkoutDetailView.swift in Sources */ = {isa = PBXBuildFile; fileRef = BEEBDE6FB2DD1FEC2D49AE8C /* WorkoutDetailView.swift */; };
		A4EC2B9298DEBB1A9EF15628 /* AppDatabase.swift in Sources */ = {isa = PBXBuildFile; fileRef = CCDA5C5511907C88F247FD7E /* AppDatabase.swift */; };
		A615F3385D47DCAC700638CA /* InstagramImportService.swift in Sources */ = {isa = PBXBuildFile; fileRef = F6309D0F9546A93B71022DF8 /* InstagramImportService.swift */; };
		A626C350078136567059981D /* AppEnvironment.swift in Sources */ = {isa = PBXBuildFile; fileRef = 96ED4DEB6136F9EBDE5150F4 /* AppEnvironment.swift */; };
		A77004360813FE9DEC4B5BB9 /* InstagramWorkoutEditView.swift in Sources */ = {isa = PBXBuildFile; fileRef = 6512F8474C90D275230D4E6E /* InstagramWorkoutEditView.swift */; };
		A7B5CEC239BA21AE33D56748 /* ShareViewController.swift in Sources */ = {isa = PBXBuildFile; fileRef = FC636647966DA52FCF82ED84 /* ShareViewController.swift */; };
		A83B0C4032B6538FA8C8A14C /* InstagramFetchService.swift in Sources */ = {isa = PBXBuildFile; fileRef = BB9CF6699899DE56AFE43804 /* InstagramFetchService.swift */; };
		A9B382E17839AD6AC63F26B8 /* ScanTab.swift in Sources */ = {isa = PBXBuildFile; fileRef = 20A37B3945336EA8DEE48F9D /* ScanTab.swift */; };
		A9DD38613231F8F4CB8F9D0B /* ExperienceStep.swift in Sources */ = {isa = PBXBuildFile; fileRef = 0E35F674294F24184C7E00F0 /* ExperienceStep.swift */; };
		AB57887EC159C9D24886D036 /* ExportService.swift in Sources */ = {isa = PBXBuildFile; fileRef = 8FD028D220AE65825606D077 /* ExportService.swift */; };
		ABA4EF1F4C28A7F600CE3E91 /* ExerciseLibraryMatcher.swift in Sources */ = {isa = PBXBuildFile; fileRef = B2B4C03A7872F909C47D176B /* ExerciseLibraryMatcher.swift */; };
		AD9E93AD600056BD492BF326 /* TrainingProfileSettingsView.swift in Sources */ = {isa = PBXBuildFile; fileRef = 1C4C221CA243B4E1F0A13562 /* TrainingProfileSettingsView.swift */; };
		AE4CE5A3A6AA7F6DA0A39E5A /* OCRService.swift in Sources */ = {isa = PBXBuildFile; fileRef = B912A4D56DF3B08E913590D1 /* OCRService.swift */; };
		AE99B9AE5B3EED35D8D7532A /* GuestLimitBannerView.swift in Sources */ = {isa = PBXBuildFile; fileRef = 5912F75EEEF204E72031EBE9 /* GuestLimitBannerView.swift */; };
		B3DE00692C0A682ECEFA1DF1 /* GRDB in Frameworks */ = {isa = PBXBuildFile; productRef = 33DFF65D44F59BDD0476CBE5 /* GRDB */; };
		B49DAC8654002D336AAB2CB5 /* WorkoutGeneratorView.swift in Sources */ = {isa = PBXBuildFile; fileRef = 64C725768200434559440000 /* WorkoutGeneratorView.swift */; };
		B5B8D2297E5B7165427F5CAD /* WorkoutsTab.swift in Sources */ = {isa = PBXBuildFile; fileRef = E19836D1296E7191534405C9 /* WorkoutsTab.swift */; };
		B6556C8E1B6D5DDDDBB79327 /* AppDelegate.swift in Sources */ = {isa = PBXBuildFile; fileRef = 4208F10BD92B4361F00491C0 /* AppDelegate.swift */; };
		B83011B997D59C3109A884A0 /* SiriShortcutsManager.swift in Sources */ = {isa = PBXBuildFile; fileRef = D2E20A4F5F006D76D96E1C5B /* SiriShortcutsManager.swift */; };
		B88AB658B60E74C7C7EB1CD1 /* TrainingProfile.swift in Sources */ = {isa = PBXBuildFile; fileRef = D9161EAFD48A6507DA998918 /* TrainingProfile.swift */; };
		B8AF0DF4A0C0DCBB2781D846 /* SyncStatusIndicator.swift in Sources */ = {isa = PBXBuildFile; fileRef = 587B4225A4B723E865D5DDFF /* SyncStatusIndicator.swift */; };
		BC04EFDC2E107AD94DC31030 /* ExerciseSearch.swift in Sources */ = {isa = PBXBuildFile; fileRef = E6478ECF31D1DF9E9CFB9C71 /* ExerciseSearch.swift */; };
		BD24C04428C21DF0EAAF3A10 /* ManualImportTab.swift in Sources */ = {isa = PBXBuildFile; fileRef = 2782169B28FF23B49C2BB830 /* ManualImportTab.swift */; };
		BFE52B4CFD5E51E6E7DA481A /* ImportPromptStep.swift in Sources */ = {isa = PBXBuildFile; fileRef = BBD6DEDE18C170D904785047 /* ImportPromptStep.swift */; };
		C03EE1E3F623FD5BFF0D9847 /* PrivacyInfo.xcprivacy in Resources */ = {isa = PBXBuildFile; fileRef = 48A19A0396A6C300C35C317A /* PrivacyInfo.xcprivacy */; };
		C49E40F8FA67CC98E0EDC5B3 /* AuthModels.swift in Sources */ = {isa = PBXBuildFile; fileRef = 949BC3BCC78B7C64E0CBE8BC /* AuthModels.swift */; };
		C55E9194C461D6CF1C8E8374 /* AppDatabaseTests.swift in Sources */ = {isa = PBXBuildFile; fileRef = 1528219934E6C668E305DBAB /* AppDatabaseTests.swift */; };
		CA95F1404EF7261F2B97D024 /* Theme.swift in Sources */ = {isa = PBXBuildFile; fileRef = ABD5A1A9EF3AE915BF5FD8B9 /* Theme.swift */; };
		CB89C71A43A047E2F823B280 /* PrivacyInfo.xcprivacy in Resources */ = {isa = PBXBuildFile; fileRef = C2A35A31F7198577F31A5803 /* PrivacyInfo.xcprivacy */; };
		CC9D3A4B5676B00AE055CED7 /* FacebookCore in Frameworks */ = {isa = PBXBuildFile; productRef = 8B725E1DC09C714547A141B4 /* FacebookCore */; };
		CF5548C9EEBDF114B2030F80 /* EnhanceWithAIButton.swift in Sources */ = {isa = PBXBuildFile; fileRef = 97685FB362222DC6B667DA6B /* EnhanceWithAIButton.swift */; };
		CF7134F8872794C03FAFE010 /* PhotoImportTab.swift in Sources */ = {isa = PBXBuildFile; fileRef = 099D2E55B3C39E5A43436EAB /* PhotoImportTab.swift */; };
		D01E5B82CA03A6EF78391EE9 /* CaptionParsingTests.swift in Sources */ = {isa = PBXBuildFile; fileRef = EEB6935973DE9D8BECF04594 /* CaptionParsingTests.swift */; };
		D0A5ED88D1ABD1F330D2CA1B /* GoogleSignInManager.swift in Sources */ = {isa = PBXBuildFile; fileRef = 9E7B3BB42CA334B028B5839B /* GoogleSignInManager.swift */; };
		D30F172D1D8DE2C53D4D78C7 /* ProductIDs.swift in Sources */ = {isa = PBXBuildFile; fileRef = 3F2F08FBF2F3C573DD16F9A4 /* ProductIDs.swift */; };
		D71CBDF59D5E08FC6997FD2E /* SettingsView.swift in Sources */ = {isa = PBXBuildFile; fileRef = C562C8E59B642958EE17EE7A /* SettingsView.swift */; };
		DAA2A3EB1AF6B42D5B3F7DFE /* BasicProfileStep.swift in Sources */ = {isa = PBXBuildFile; fileRef = 9191381754023702D26D90DF /* BasicProfileStep.swift */; };
		DBF56914B34CE526614710A9 /* DeleteAccountView.swift in Sources */ = {isa = PBXBuildFile; fileRef = 5E37D2E9D80708139C6D0B53 /* DeleteAccountView.swift */; };
		DCC0B696F64B1BF213A814EF /* Settings.swift in Sources */ = {isa = PBXBuildFile; fileRef = 0994D14EC4D128B33720A18F /* Settings.swift */; };
		DF547F2DA200E3147B1D49AB /* BackgroundSyncManager.swift in Sources */ = {isa = PBXBuildFile; fileRef = 825D72F37813838DB5DDAEAA /* BackgroundSyncManager.swift */; };
		E1B6406AD18F68E7154BA057 /* EquipmentStep.swift in Sources */ = {isa = PBXBuildFile; fileRef = 8022168EAE27B8511CAA1FB0 /* EquipmentStep.swift */; };
		E21D3D83FB1B4349B80DF7C0 /* TrendingService.swift in Sources */ = {isa = PBXBuildFile; fileRef = E64E69EEABBE3C2F0415076F /* TrendingService.swift */; };
		E25C34CAA0895BD42D061D98 /* StoreManager.swift in Sources */ = {isa = PBXBuildFile; fileRef = E6CB60AD751B804BE2A2C48B /* StoreManager.swift */; };
		E46F3ADE77B6E614963CEAA1 /* AnalyticsService.swift in Sources */ = {isa = PBXBuildFile; fileRef = 0B6DA035BE278DD711BFE0E7 /* AnalyticsService.swift */; };
		E4AFE44BC09F07D3353549E4 /* DatabaseMigrator.swift in Sources */ = {isa = PBXBuildFile; fileRef = 61AD105F2F5AC40D8A5E712D /* DatabaseMigrator.swift */; };
		E5D51B20867CC09DD6F32695 /* OnboardingCoordinator.swift in Sources */ = {isa = PBXBuildFile; fileRef = FF893620505BAE35C7256D90 /* OnboardingCoordinator.swift */; };
		E6A87C9974A854EA56A2F9B5 /* PersonalRecordsStep.swift in Sources */ = {isa = PBXBuildFile; fileRef = 76F3DB38DFE5B706FBD45B71 /* PersonalRecordsStep.swift */; };
		EA6484DD566023A8F81B71E1 /* TextExtractionService.swift in Sources */ = {isa = PBXBuildFile; fileRef = ADAEDB9542E072D7E9D8AD46 /* TextExtractionService.swift */; };
		EC6EAB0C234A8B2183AD2369 /* TokenStore.swift in Sources */ = {isa = PBXBuildFile; fileRef = 153F7BD667E56BD45AF726B3 /* TokenStore.swift */; };
		EDC43890ED7D0ABD8919F6CB /* EmailSignInSheet.swift in Sources */ = {isa = PBXBuildFile; fileRef = 3A31F92DC98E3C9C46AA29B5 /* EmailSignInSheet.swift */; };
		EE56C7325CA24C545F424F39 /* AuthService.swift in Sources */ = {isa = PBXBuildFile; fileRef = D98B3609FC75E9F43F3736D3 /* AuthService.swift */; };
		F0A268DA39C89019FE803BBB /* AppConfig.swift in Sources */ = {isa = PBXBuildFile; fileRef = 2B5A0949B764DCC771FEE474 /* AppConfig.swift */; };
		F0C2A9ACA85A5EE95974D3E2 /* AppFeatureFlags.swift in Sources */ = {isa = PBXBuildFile; fileRef = 944E35914EAEB44A4434C182 /* AppFeatureFlags.swift */; };
		F0C43446F53DB86803508139 /* SignInView.swift in Sources */ = {isa = PBXBuildFile; fileRef = 46E17EE4780932F90F49D90D /* SignInView.swift */; };
		F1F9499858CDD5F51368923E /* InstagramFetchError.swift in Sources */ = {isa = PBXBuildFile; fileRef = A76D2854A7D8B38302EAF9F0 /* InstagramFetchError.swift */; };
		F230668C89DDDFC6CBCB23C4 /* User.swift in Sources */ = {isa = PBXBuildFile; fileRef = D5DBD379AEF6C7237F57BC21 /* User.swift */; };
		F54E36A4E67605BD0538C7E2 /* FacebookLogin in Frameworks */ = {isa = PBXBuildFile; productRef = B6198D933A6CCD5035ABF8B7 /* FacebookLogin */; };
		F81FCD58E5479EFA6F5FCA60 /* MilestoneManager.swift in Sources */ = {isa = PBXBuildFile; fileRef = C40DD74F2D78117C5C864279 /* MilestoneManager.swift */; };
		F848CF90121E12CFB7099FC0 /* FacebookSignInManager.swift in Sources */ = {isa = PBXBuildFile; fileRef = F00F875A4D885F9BCEB75857 /* FacebookSignInManager.swift */; };
		F9608657256FEF8E6F913B08 /* ShareView.swift in Sources */ = {isa = PBXBuildFile; fileRef = C69E5A94A914A78C005ABBE0 /* ShareView.swift */; };
		FB469F435BC04C5C0488F7CF /* SyncPayloadV1.swift in Sources */ = {isa = PBXBuildFile; fileRef = 8E39E3B709D493110C391694 /* SyncPayloadV1.swift */; };
		FBB8FAF3AA6AF1A8C08CB47E /* WorkoutTimerSelectionSheet.swift in Sources */ = {isa = PBXBuildFile; fileRef = D57854BBA51A3A3EEB5F6CAB /* WorkoutTimerSelectionSheet.swift */; };
		FC10EEFA6FA4E9E5BB24B8B1 /* AIFeatureCard.swift in Sources */ = {isa = PBXBuildFile; fileRef = 7DB2B6FE827306A1927D6844 /* AIFeatureCard.swift */; };
		FC54A67A79C8A6505A4E6172 /* PendingImportsBanner.swift in Sources */ = {isa = PBXBuildFile; fileRef = 80750E8D8DEEE625DB511E13 /* PendingImportsBanner.swift */; };
		FDABF9FB4C9CAEC195FFA40C /* InstagramQuotaIndicator.swift in Sources */ = {isa = PBXBuildFile; fileRef = 8F1F121FAD676820FB4F6509 /* InstagramQuotaIndicator.swift */; };
		FEF523ED2E2D84FDD012856C /* KinexFitApp.swift in Sources */ = {isa = PBXBuildFile; fileRef = E093A91C14DA12D002584FEF /* KinexFitApp.swift */; };
		FF7DA8E3243524C8D4C1AE41 /* AuthViewModel.swift in Sources */ = {isa = PBXBuildFile; fileRef = 4164C468BDAFD9E24B726F89 /* AuthViewModel.swift */; };
/* End PBXBuildFile section */

/* Begin PBXContainerItemProxy section */
		256A3450C531F625A89C6DF2 /* PBXContainerItemProxy */ = {
			isa = PBXContainerItemProxy;
			containerPortal = ADB714D78300FC31ACA6E446 /* Project object */;
			proxyType = 1;
			remoteGlobalIDString = 9AB114BC923DCAD31D4FF8D5;
			remoteInfo = "Kinex Fit";
		};
		A5C4F6046BFB33E72113F8B5 /* PBXContainerItemProxy */ = {
			isa = PBXContainerItemProxy;
			containerPortal = ADB714D78300FC31ACA6E446 /* Project object */;
			proxyType = 1;
			remoteGlobalIDString = 3B3D53A186D9A415B6DF12C1;
			remoteInfo = KinexFitShareExtension;
		};
/* End PBXContainerItemProxy section */

/* Begin PBXCopyFilesBuildPhase section */
		F5FE4D067934F16FB68F4AEF /* Embed Foundation Extensions */ = {
			isa = PBXCopyFilesBuildPhase;
			buildActionMask = 2147483647;
			dstPath = "";
			dstSubfolderSpec = 13;
			files = (
				26E395664292735CD6DDEE7E /* KinexFitShareExtension.appex in Embed Foundation Extensions */,
			);
			name = "Embed Foundation Extensions";
			runOnlyForDeploymentPostprocessing = 0;
		};
/* End PBXCopyFilesBuildPhase section */

/* Begin PBXFileReference section */
		073756617261BC671E989161 /* WelcomeStep.swift */ = {isa = PBXFileReference; lastKnownFileType = sourcecode.swift; path = WelcomeStep.swift; sourceTree = "<group>"; };
		0934E344F05738B7ED931F63 /* HelpView.swift */ = {isa = PBXFileReference; lastKnownFileType = sourcecode.swift; path = HelpView.swift; sourceTree = "<group>"; };
		0994D14EC4D128B33720A18F /* Settings.swift */ = {isa = PBXFileReference; lastKnownFileType = sourcecode.swift; path = Settings.swift; sourceTree = "<group>"; };
		099D2E55B3C39E5A43436EAB /* PhotoImportTab.swift */ = {isa = PBXFileReference; lastKnownFileType = sourcecode.swift; path = PhotoImportTab.swift; sourceTree = "<group>"; };
		0B6DA035BE278DD711BFE0E7 /* AnalyticsService.swift */ = {isa = PBXFileReference; lastKnownFileType = sourcecode.swift; path = AnalyticsService.swift; sourceTree = "<group>"; };
		0BB65F99FCAF2F3406FD8CA0 /* AIGeneratorCard.swift */ = {isa = PBXFileReference; lastKnownFileType = sourcecode.swift; path = AIGeneratorCard.swift; sourceTree = "<group>"; };
		0D38E8B33BD997AD4B12F9B9 /* AddWorkoutTab.swift */ = {isa = PBXFileReference; lastKnownFileType = sourcecode.swift; path = AddWorkoutTab.swift; sourceTree = "<group>"; };
		0E35F674294F24184C7E00F0 /* ExperienceStep.swift */ = {isa = PBXFileReference; lastKnownFileType = sourcecode.swift; path = ExperienceStep.swift; sourceTree = "<group>"; };
		1528219934E6C668E305DBAB /* AppDatabaseTests.swift */ = {isa = PBXFileReference; lastKnownFileType = sourcecode.swift; path = AppDatabaseTests.swift; sourceTree = "<group>"; };
		153F7BD667E56BD45AF726B3 /* TokenStore.swift */ = {isa = PBXFileReference; lastKnownFileType = sourcecode.swift; path = TokenStore.swift; sourceTree = "<group>"; };
		156DB48D2F620ADD008C9CE4 /* exercises.json */ = {isa = PBXFileReference; lastKnownFileType = text.json; path = exercises.json; sourceTree = "<group>"; };
		157D0CC82F62041B00AAAEF8 /* free-exercise-db.json */ = {isa = PBXFileReference; lastKnownFileType = text.json; path = "free-exercise-db.json"; sourceTree = "<group>"; };
		19AF704046B0E8A7553DBFDE /* FetchStateView.swift */ = {isa = PBXFileReference; lastKnownFileType = sourcecode.swift; path = FetchStateView.swift; sourceTree = "<group>"; };
		1C4C221CA243B4E1F0A13562 /* TrainingProfileSettingsView.swift */ = {isa = PBXFileReference; lastKnownFileType = sourcecode.swift; path = TrainingProfileSettingsView.swift; sourceTree = "<group>"; };
		20508A2BD41BA405C201B120 /* Workout.swift */ = {isa = PBXFileReference; lastKnownFileType = sourcecode.swift; path = Workout.swift; sourceTree = "<group>"; };
		20A37B3945336EA8DEE48F9D /* ScanTab.swift */ = {isa = PBXFileReference; lastKnownFileType = sourcecode.swift; path = ScanTab.swift; sourceTree = "<group>"; };
		229A7EABEB7465837A6EB861 /* ProgressComparisonService.swift */ = {isa = PBXFileReference; lastKnownFileType = sourcecode.swift; path = ProgressComparisonService.swift; sourceTree = "<group>"; };
		2782169B28FF23B49C2BB830 /* ManualImportTab.swift */ = {isa = PBXFileReference; lastKnownFileType = sourcecode.swift; path = ManualImportTab.swift; sourceTree = "<group>"; };
		2AD56FEE5B4C3361F696FDB4 /* CreateWorkoutView.swift */ = {isa = PBXFileReference; lastKnownFileType = sourcecode.swift; path = CreateWorkoutView.swift; sourceTree = "<group>"; };
		2AD876559D9F2136388B37FF /* ProfileTab.swift */ = {isa = PBXFileReference; lastKnownFileType = sourcecode.swift; path = ProfileTab.swift; sourceTree = "<group>"; };
		2B5A0949B764DCC771FEE474 /* AppConfig.swift */ = {isa = PBXFileReference; lastKnownFileType = sourcecode.swift; path = AppConfig.swift; sourceTree = "<group>"; };
		2E709444D0AC40ADA209D9CD /* RootView.swift */ = {isa = PBXFileReference; lastKnownFileType = sourcecode.swift; path = RootView.swift; sourceTree = "<group>"; };
		391F5DB9958843CE2390431E /* HomeStats.swift */ = {isa = PBXFileReference; lastKnownFileType = sourcecode.swift; path = HomeStats.swift; sourceTree = "<group>"; };
		3A31F92DC98E3C9C46AA29B5 /* EmailSignInSheet.swift */ = {isa = PBXFileReference; lastKnownFileType = sourcecode.swift; path = EmailSignInSheet.swift; sourceTree = "<group>"; };
		3DE1A80E3550E8306808AAE6 /* TikTokImportService.swift */ = {isa = PBXFileReference; lastKnownFileType = sourcecode.swift; path = TikTokImportService.swift; sourceTree = "<group>"; };
		3EEFF07B285A8E85D0F3D5FF /* StatCard.swift */ = {isa = PBXFileReference; lastKnownFileType = sourcecode.swift; path = StatCard.swift; sourceTree = "<group>"; };
		3F2F08FBF2F3C573DD16F9A4 /* ProductIDs.swift */ = {isa = PBXFileReference; lastKnownFileType = sourcecode.swift; path = ProductIDs.swift; sourceTree = "<group>"; };
		3F402A3F3DE6BDF3FCD59480 /* PaywallView.swift */ = {isa = PBXFileReference; lastKnownFileType = sourcecode.swift; path = PaywallView.swift; sourceTree = "<group>"; };
		4164C468BDAFD9E24B726F89 /* AuthViewModel.swift */ = {isa = PBXFileReference; lastKnownFileType = sourcecode.swift; path = AuthViewModel.swift; sourceTree = "<group>"; };
		4208F10BD92B4361F00491C0 /* AppDelegate.swift */ = {isa = PBXFileReference; lastKnownFileType = sourcecode.swift; path = AppDelegate.swift; sourceTree = "<group>"; };
		4321971ED635AECEC974AD81 /* BodyMetric.swift */ = {isa = PBXFileReference; lastKnownFileType = sourcecode.swift; path = BodyMetric.swift; sourceTree = "<group>"; };
		46E17EE4780932F90F49D90D /* SignInView.swift */ = {isa = PBXFileReference; lastKnownFileType = sourcecode.swift; path = SignInView.swift; sourceTree = "<group>"; };
		479A4A2D835B9A041507FD64 /* CompleteStep.swift */ = {isa = PBXFileReference; lastKnownFileType = sourcecode.swift; path = CompleteStep.swift; sourceTree = "<group>"; };
		48A19A0396A6C300C35C317A /* PrivacyInfo.xcprivacy */ = {isa = PBXFileReference; lastKnownFileType = text.xml; path = PrivacyInfo.xcprivacy; sourceTree = "<group>"; };
		48B0B9D0A31BB4C2A29A288C /* APIRequest+InstagramImport.swift */ = {isa = PBXFileReference; lastKnownFileType = sourcecode.swift; path = "APIRequest+InstagramImport.swift"; sourceTree = "<group>"; };
		4AACF2EE09167A0E03B08E17 /* AppState.swift */ = {isa = PBXFileReference; lastKnownFileType = sourcecode.swift; path = AppState.swift; sourceTree = "<group>"; };
		51956D4B41EB54B7F05BDEFC /* EditableWorkoutCard.swift */ = {isa = PBXFileReference; lastKnownFileType = sourcecode.swift; path = EditableWorkoutCard.swift; sourceTree = "<group>"; };
		52211B3F0A951675FC69E087 /* SyncEngine.swift */ = {isa = PBXFileReference; lastKnownFileType = sourcecode.swift; path = SyncEngine.swift; sourceTree = "<group>"; };
		52B1F42262E12F7924C4E82A /* NotificationManager.swift */ = {isa = PBXFileReference; lastKnownFileType = sourcecode.swift; path = NotificationManager.swift; sourceTree = "<group>"; };
		587B4225A4B723E865D5DDFF /* SyncStatusIndicator.swift */ = {isa = PBXFileReference; lastKnownFileType = sourcecode.swift; path = SyncStatusIndicator.swift; sourceTree = "<group>"; };
		58DD7FD8F8122D3500FCA2E7 /* APIClient.swift */ = {isa = PBXFileReference; lastKnownFileType = sourcecode.swift; path = APIClient.swift; sourceTree = "<group>"; };
		5912F75EEEF204E72031EBE9 /* GuestLimitBannerView.swift */ = {isa = PBXFileReference; lastKnownFileType = sourcecode.swift; path = GuestLimitBannerView.swift; sourceTree = "<group>"; };
		59BBCF9A923ADEE93F8A608E /* NetworkMonitor.swift */ = {isa = PBXFileReference; lastKnownFileType = sourcecode.swift; path = NetworkMonitor.swift; sourceTree = "<group>"; };
		5D6F6DFA9632A3288589095E /* Assets.xcassets */ = {isa = PBXFileReference; lastKnownFileType = folder.assetcatalog; path = Assets.xcassets; sourceTree = "<group>"; };
		5E37D2E9D80708139C6D0B53 /* DeleteAccountView.swift */ = {isa = PBXFileReference; lastKnownFileType = sourcecode.swift; path = DeleteAccountView.swift; sourceTree = "<group>"; };
		5E6BC7E58A505B8B208C96A7 /* BackgroundSyncTask.swift */ = {isa = PBXFileReference; lastKnownFileType = sourcecode.swift; path = BackgroundSyncTask.swift; sourceTree = "<group>"; };
		61AD105F2F5AC40D8A5E712D /* DatabaseMigrator.swift */ = {isa = PBXFileReference; lastKnownFileType = sourcecode.swift; path = DatabaseMigrator.swift; sourceTree = "<group>"; };
		6391591B6604353BBDF2EA34 /* WorkoutRepository.swift */ = {isa = PBXFileReference; lastKnownFileType = sourcecode.swift; path = WorkoutRepository.swift; sourceTree = "<group>"; };
		64C725768200434559440000 /* WorkoutGeneratorView.swift */ = {isa = PBXFileReference; lastKnownFileType = sourcecode.swift; path = WorkoutGeneratorView.swift; sourceTree = "<group>"; };
		6512F8474C90D275230D4E6E /* InstagramWorkoutEditView.swift */ = {isa = PBXFileReference; lastKnownFileType = sourcecode.swift; path = InstagramWorkoutEditView.swift; sourceTree = "<group>"; };
		6C3535EA4720CC539648388C /* Badge.swift */ = {isa = PBXFileReference; lastKnownFileType = sourcecode.swift; path = Badge.swift; sourceTree = "<group>"; };
		6C5B10778A71AABD3324E4CD /* HapticManager.swift */ = {isa = PBXFileReference; lastKnownFileType = sourcecode.swift; path = HapticManager.swift; sourceTree = "<group>"; };
		6E7FE8582F4174BABCBE2E20 /* MetricsTab.swift */ = {isa = PBXFileReference; lastKnownFileType = sourcecode.swift; path = MetricsTab.swift; sourceTree = "<group>"; };
		70ABEEED580A4286BD546CD2 /* AIModels.swift */ = {isa = PBXFileReference; lastKnownFileType = sourcecode.swift; path = AIModels.swift; sourceTree = "<group>"; };
		74861895E759A15ECC647EA5 /* JSONCoding.swift */ = {isa = PBXFileReference; lastKnownFileType = sourcecode.swift; path = JSONCoding.swift; sourceTree = "<group>"; };
		76F3DB38DFE5B706FBD45B71 /* PersonalRecordsStep.swift */ = {isa = PBXFileReference; lastKnownFileType = sourcecode.swift; path = PersonalRecordsStep.swift; sourceTree = "<group>"; };
		79B76C6F65A467AA43413079 /* GoalsStep.swift */ = {isa = PBXFileReference; lastKnownFileType = sourcecode.swift; path = GoalsStep.swift; sourceTree = "<group>"; };
		7DB2B6FE827306A1927D6844 /* AIFeatureCard.swift */ = {isa = PBXFileReference; lastKnownFileType = sourcecode.swift; path = AIFeatureCard.swift; sourceTree = "<group>"; };
		7FFF4A221C3794EACAD55EE7 /* Kinex FitTests.xctest */ = {isa = PBXFileReference; includeInIndex = 0; lastKnownFileType = wrapper; path = "Kinex FitTests.xctest"; sourceTree = BUILT_PRODUCTS_DIR; };
		8022168EAE27B8511CAA1FB0 /* EquipmentStep.swift */ = {isa = PBXFileReference; lastKnownFileType = sourcecode.swift; path = EquipmentStep.swift; sourceTree = "<group>"; };
		80750E8D8DEEE625DB511E13 /* PendingImportsBanner.swift */ = {isa = PBXFileReference; lastKnownFileType = sourcecode.swift; path = PendingImportsBanner.swift; sourceTree = "<group>"; };
		825D72F37813838DB5DDAEAA /* BackgroundSyncManager.swift */ = {isa = PBXFileReference; lastKnownFileType = sourcecode.swift; path = BackgroundSyncManager.swift; sourceTree = "<group>"; };
		843AE4319B0F00CB69F23D00 /* OnboardingAnalytics.swift */ = {isa = PBXFileReference; lastKnownFileType = sourcecode.swift; path = OnboardingAnalytics.swift; sourceTree = "<group>"; };
		85B0DE5BDD43E7C71EA17DA2 /* SubscriptionStatusView.swift */ = {isa = PBXFileReference; lastKnownFileType = sourcecode.swift; path = SubscriptionStatusView.swift; sourceTree = "<group>"; };
		88D3605DC09A0F7722491A3F /* EmailManager.swift */ = {isa = PBXFileReference; lastKnownFileType = sourcecode.swift; path = EmailManager.swift; sourceTree = "<group>"; };
		89B6A90F21F8FE3236D8FBAB /* TikTokCaptionPreprocessor.swift */ = {isa = PBXFileReference; lastKnownFileType = sourcecode.swift; path = TikTokCaptionPreprocessor.swift; sourceTree = "<group>"; };
		8E39E3B709D493110C391694 /* SyncPayloadV1.swift */ = {isa = PBXFileReference; lastKnownFileType = sourcecode.swift; path = SyncPayloadV1.swift; sourceTree = "<group>"; };
		8F1F121FAD676820FB4F6509 /* InstagramQuotaIndicator.swift */ = {isa = PBXFileReference; lastKnownFileType = sourcecode.swift; path = InstagramQuotaIndicator.swift; sourceTree = "<group>"; };
		8FD028D220AE65825606D077 /* ExportService.swift */ = {isa = PBXFileReference; lastKnownFileType = sourcecode.swift; path = ExportService.swift; sourceTree = "<group>"; };
		9191381754023702D26D90DF /* BasicProfileStep.swift */ = {isa = PBXFileReference; lastKnownFileType = sourcecode.swift; path = BasicProfileStep.swift; sourceTree = "<group>"; };
		944E35914EAEB44A4434C182 /* AppFeatureFlags.swift */ = {isa = PBXFileReference; lastKnownFileType = sourcecode.swift; path = AppFeatureFlags.swift; sourceTree = "<group>"; };
		948984025EFE2F1765915861 /* AIQuotaIndicator.swift */ = {isa = PBXFileReference; lastKnownFileType = sourcecode.swift; path = AIQuotaIndicator.swift; sourceTree = "<group>"; };
		949BC3BCC78B7C64E0CBE8BC /* AuthModels.swift */ = {isa = PBXFileReference; lastKnownFileType = sourcecode.swift; path = AuthModels.swift; sourceTree = "<group>"; };
		94CDE058A8B8512123A40228 /* HomeTab.swift */ = {isa = PBXFileReference; lastKnownFileType = sourcecode.swift; path = HomeTab.swift; sourceTree = "<group>"; };
		9598CFF27DE251970B63899E /* WorkoutFormView.swift */ = {isa = PBXFileReference; lastKnownFileType = sourcecode.swift; path = WorkoutFormView.swift; sourceTree = "<group>"; };
		96ED4DEB6136F9EBDE5150F4 /* AppEnvironment.swift */ = {isa = PBXFileReference; lastKnownFileType = sourcecode.swift; path = AppEnvironment.swift; sourceTree = "<group>"; };
		97685FB362222DC6B667DA6B /* EnhanceWithAIButton.swift */ = {isa = PBXFileReference; lastKnownFileType = sourcecode.swift; path = EnhanceWithAIButton.swift; sourceTree = "<group>"; };
		9880958DC27E60075809B30D /* WorkoutSessionView.swift */ = {isa = PBXFileReference; lastKnownFileType = sourcecode.swift; path = WorkoutSessionView.swift; sourceTree = "<group>"; };
		99F505B9A4C5DA308FE8A172 /* APIRequest+Metrics.swift */ = {isa = PBXFileReference; lastKnownFileType = sourcecode.swift; path = "APIRequest+Metrics.swift"; sourceTree = "<group>"; };
		9A5A15ECDE75BDC2DE543F59 /* VideoCacheManager.swift */ = {isa = PBXFileReference; lastKnownFileType = sourcecode.swift; path = VideoCacheManager.swift; sourceTree = "<group>"; };
		9B36F6F2A259E9ED40867B1E /* EmailSignUpView.swift */ = {isa = PBXFileReference; lastKnownFileType = sourcecode.swift; path = EmailSignUpView.swift; sourceTree = "<group>"; };
		9C24EF33BE37B2A6FCB88132 /* StatsRepository.swift */ = {isa = PBXFileReference; lastKnownFileType = sourcecode.swift; path = StatsRepository.swift; sourceTree = "<group>"; };
		9D0EF7B80A9ECCD4A5E9A6BF /* MainTabView.swift */ = {isa = PBXFileReference; lastKnownFileType = sourcecode.swift; path = MainTabView.swift; sourceTree = "<group>"; };
		9E7B3BB42CA334B028B5839B /* GoogleSignInManager.swift */ = {isa = PBXFileReference; lastKnownFileType = sourcecode.swift; path = GoogleSignInManager.swift; sourceTree = "<group>"; };
		9EC437FE4BC6C866C70C3723 /* WorkoutFilterManager.swift */ = {isa = PBXFileReference; lastKnownFileType = sourcecode.swift; path = WorkoutFilterManager.swift; sourceTree = "<group>"; };
		9F60E54415F0ED89B8401793 /* WorkoutCardEditor.swift */ = {isa = PBXFileReference; lastKnownFileType = sourcecode.swift; path = WorkoutCardEditor.swift; sourceTree = "<group>"; };
		A41D4084856AA0A62DCE9663 /* KinexFitShareExtension.appex */ = {isa = PBXFileReference; includeInIndex = 0; lastKnownFileType = "wrapper.extensionkit-extension"; path = KinexFitShareExtension.appex; sourceTree = BUILT_PRODUCTS_DIR; };
		A716A6252F364A2AB2262CF9 /* Info.plist */ = {isa = PBXFileReference; lastKnownFileType = text.plist; path = Info.plist; sourceTree = "<group>"; };
		A76D2854A7D8B38302EAF9F0 /* InstagramFetchError.swift */ = {isa = PBXFileReference; lastKnownFileType = sourcecode.swift; path = InstagramFetchError.swift; sourceTree = "<group>"; };
		A825E2DF7800911492375643 /* NotificationPermissionView.swift */ = {isa = PBXFileReference; lastKnownFileType = sourcecode.swift; path = NotificationPermissionView.swift; sourceTree = "<group>"; };
		ABD5A1A9EF3AE915BF5FD8B9 /* Theme.swift */ = {isa = PBXFileReference; lastKnownFileType = sourcecode.swift; path = Theme.swift; sourceTree = "<group>"; };
		ACB1E1EF855F1B4253BF0A76 /* InstagramImportReviewView.swift */ = {isa = PBXFileReference; lastKnownFileType = sourcecode.swift; path = InstagramImportReviewView.swift; sourceTree = "<group>"; };
		ADAEDB9542E072D7E9D8AD46 /* TextExtractionService.swift */ = {isa = PBXFileReference; lastKnownFileType = sourcecode.swift; path = TextExtractionService.swift; sourceTree = "<group>"; };
		B2B4C03A7872F909C47D176B /* ExerciseLibraryMatcher.swift */ = {isa = PBXFileReference; lastKnownFileType = sourcecode.swift; path = ExerciseLibraryMatcher.swift; sourceTree = "<group>"; };
		B67C2A0E101BCD694B5C661C /* ScheduleStep.swift */ = {isa = PBXFileReference; lastKnownFileType = sourcecode.swift; path = ScheduleStep.swift; sourceTree = "<group>"; };
		B684CB5C65893670C5687DD3 /* PurchaseValidator.swift */ = {isa = PBXFileReference; lastKnownFileType = sourcecode.swift; path = PurchaseValidator.swift; sourceTree = "<group>"; };
		B74EB8DBCD5F332533B341D4 /* WorkoutDivider.swift */ = {isa = PBXFileReference; lastKnownFileType = sourcecode.swift; path = WorkoutDivider.swift; sourceTree = "<group>"; };
		B912A4D56DF3B08E913590D1 /* OCRService.swift */ = {isa = PBXFileReference; lastKnownFileType = sourcecode.swift; path = OCRService.swift; sourceTree = "<group>"; };
		BA9BB51F40FFC0491BBFD663 /* ImportFirstOnboardingView.swift */ = {isa = PBXFileReference; lastKnownFileType = sourcecode.swift; path = ImportFirstOnboardingView.swift; sourceTree = "<group>"; };
		BB9CF6699899DE56AFE43804 /* InstagramFetchService.swift */ = {isa = PBXFileReference; lastKnownFileType = sourcecode.swift; path = InstagramFetchService.swift; sourceTree = "<group>"; };
		BBD6DEDE18C170D904785047 /* ImportPromptStep.swift */ = {isa = PBXFileReference; lastKnownFileType = sourcecode.swift; path = ImportPromptStep.swift; sourceTree = "<group>"; };
		BEEBDE6FB2DD1FEC2D49AE8C /* WorkoutDetailView.swift */ = {isa = PBXFileReference; lastKnownFileType = sourcecode.swift; path = WorkoutDetailView.swift; sourceTree = "<group>"; };
		C0ADFD647736CC175878EAFC /* NotificationPreferencesView.swift */ = {isa = PBXFileReference; lastKnownFileType = sourcecode.swift; path = NotificationPreferencesView.swift; sourceTree = "<group>"; };
		C20C76609EAE36336422CD69 /* OfflineModeManager.swift */ = {isa = PBXFileReference; lastKnownFileType = sourcecode.swift; path = OfflineModeManager.swift; sourceTree = "<group>"; };
		C2A35A31F7198577F31A5803 /* PrivacyInfo.xcprivacy */ = {isa = PBXFileReference; lastKnownFileType = text.xml; path = PrivacyInfo.xcprivacy; sourceTree = "<group>"; };
		C3301AB014CB54626DAE3275 /* EmailPasswordAuthService.swift */ = {isa = PBXFileReference; lastKnownFileType = sourcecode.swift; path = EmailPasswordAuthService.swift; sourceTree = "<group>"; };
		C40DD74F2D78117C5C864279 /* MilestoneManager.swift */ = {isa = PBXFileReference; lastKnownFileType = sourcecode.swift; path = MilestoneManager.swift; sourceTree = "<group>"; };
		C562C8E59B642958EE17EE7A /* SettingsView.swift */ = {isa = PBXFileReference; lastKnownFileType = sourcecode.swift; path = SettingsView.swift; sourceTree = "<group>"; };
		C69E5A94A914A78C005ABBE0 /* ShareView.swift */ = {isa = PBXFileReference; lastKnownFileType = sourcecode.swift; path = ShareView.swift; sourceTree = "<group>"; };
		C6ACEC604FB4B38A47367C37 /* ImportProgressView.swift */ = {isa = PBXFileReference; lastKnownFileType = sourcecode.swift; path = ImportProgressView.swift; sourceTree = "<group>"; };
		C72AF33C18A94242748695B5 /* CaptionParser.swift */ = {isa = PBXFileReference; lastKnownFileType = sourcecode.swift; path = CaptionParser.swift; sourceTree = "<group>"; };
		CB1E49E06BC7F95EFA01F1B4 /* AuthSessionEvents.swift */ = {isa = PBXFileReference; lastKnownFileType = sourcecode.swift; path = AuthSessionEvents.swift; sourceTree = "<group>"; };
		CB4F12B5270D71F5698DD3AD /* QuickProfileStep.swift */ = {isa = PBXFileReference; lastKnownFileType = sourcecode.swift; path = QuickProfileStep.swift; sourceTree = "<group>"; };
		CB5869D9A823BD46BE4FB619 /* InstagramFetchModels.swift */ = {isa = PBXFileReference; lastKnownFileType = sourcecode.swift; path = InstagramFetchModels.swift; sourceTree = "<group>"; };
		CCDA5C5511907C88F247FD7E /* AppDatabase.swift */ = {isa = PBXFileReference; lastKnownFileType = sourcecode.swift; path = AppDatabase.swift; sourceTree = "<group>"; };
		CD742703F77A788904A06A5F /* EnhancementResultView.swift */ = {isa = PBXFileReference; lastKnownFileType = sourcecode.swift; path = EnhancementResultView.swift; sourceTree = "<group>"; };
		D03E5FF6477F2DC34E498DC0 /* OCRResultView.swift */ = {isa = PBXFileReference; lastKnownFileType = sourcecode.swift; path = OCRResultView.swift; sourceTree = "<group>"; };
		D11918831E7E2977AA973043 /* HealthKitManager.swift */ = {isa = PBXFileReference; lastKnownFileType = sourcecode.swift; path = HealthKitManager.swift; sourceTree = "<group>"; };
		D2C9A223E816F231463E51A8 /* InstagramImport.swift */ = {isa = PBXFileReference; lastKnownFileType = sourcecode.swift; path = InstagramImport.swift; sourceTree = "<group>"; };
		D2E20A4F5F006D76D96E1C5B /* SiriShortcutsManager.swift */ = {isa = PBXFileReference; lastKnownFileType = sourcecode.swift; path = SiriShortcutsManager.swift; sourceTree = "<group>"; };
		D3572F554EA702F4F8C6B715 /* CalendarTab.swift */ = {isa = PBXFileReference; lastKnownFileType = sourcecode.swift; path = CalendarTab.swift; sourceTree = "<group>"; };
		D3AB50FF0BE389D56D633A9D /* URLExpansionService.swift */ = {isa = PBXFileReference; lastKnownFileType = sourcecode.swift; path = URLExpansionService.swift; sourceTree = "<group>"; };
		D57580B62864E158CB32E3FC /* UserRepository.swift */ = {isa = PBXFileReference; lastKnownFileType = sourcecode.swift; path = UserRepository.swift; sourceTree = "<group>"; };
		D57854BBA51A3A3EEB5F6CAB /* WorkoutTimerSelectionSheet.swift */ = {isa = PBXFileReference; lastKnownFileType = sourcecode.swift; path = WorkoutTimerSelectionSheet.swift; sourceTree = "<group>"; };
		D5DBD379AEF6C7237F57BC21 /* User.swift */ = {isa = PBXFileReference; lastKnownFileType = sourcecode.swift; path = User.swift; sourceTree = "<group>"; };
		D76AADFD2568EF7B0D190468 /* CaptionImportParsingService.swift */ = {isa = PBXFileReference; lastKnownFileType = sourcecode.swift; path = CaptionImportParsingService.swift; sourceTree = "<group>"; };
		D9161EAFD48A6507DA998918 /* TrainingProfile.swift */ = {isa = PBXFileReference; lastKnownFileType = sourcecode.swift; path = TrainingProfile.swift; sourceTree = "<group>"; };
		D98B3609FC75E9F43F3736D3 /* AuthService.swift */ = {isa = PBXFileReference; lastKnownFileType = sourcecode.swift; path = AuthService.swift; sourceTree = "<group>"; };
		DC5827C3D3EFFF58FA0FDF42 /* GuestModeManager.swift */ = {isa = PBXFileReference; lastKnownFileType = sourcecode.swift; path = GuestModeManager.swift; sourceTree = "<group>"; };
		DD63365294142619EA613B2A /* WorkoutRowView.swift */ = {isa = PBXFileReference; lastKnownFileType = sourcecode.swift; path = WorkoutRowView.swift; sourceTree = "<group>"; };
		E093A91C14DA12D002584FEF /* KinexFitApp.swift */ = {isa = PBXFileReference; lastKnownFileType = sourcecode.swift; path = KinexFitApp.swift; sourceTree = "<group>"; };
		E19836D1296E7191534405C9 /* WorkoutsTab.swift */ = {isa = PBXFileReference; lastKnownFileType = sourcecode.swift; path = WorkoutsTab.swift; sourceTree = "<group>"; };
		E339D76A151BBC499BD8CB96 /* CaptionParsedWorkout.swift */ = {isa = PBXFileReference; lastKnownFileType = sourcecode.swift; path = CaptionParsedWorkout.swift; sourceTree = "<group>"; };
		E4D1BB37848C20B17F9A62AA /* FreeExerciseDBLoader.swift */ = {isa = PBXFileReference; lastKnownFileType = sourcecode.swift; path = FreeExerciseDBLoader.swift; sourceTree = "<group>"; };
		E52FA56000EC75AE17763243 /* AIService.swift */ = {isa = PBXFileReference; lastKnownFileType = sourcecode.swift; path = AIService.swift; sourceTree = "<group>"; };
		E6478ECF31D1DF9E9CFB9C71 /* ExerciseSearch.swift */ = {isa = PBXFileReference; lastKnownFileType = sourcecode.swift; path = ExerciseSearch.swift; sourceTree = "<group>"; };
		E64E69EEABBE3C2F0415076F /* TrendingService.swift */ = {isa = PBXFileReference; lastKnownFileType = sourcecode.swift; path = TrendingService.swift; sourceTree = "<group>"; };
		E6CB60AD751B804BE2A2C48B /* StoreManager.swift */ = {isa = PBXFileReference; lastKnownFileType = sourcecode.swift; path = StoreManager.swift; sourceTree = "<group>"; };
		E9B6B62AD78C8C4D70F4A35B /* WatchConnectivityManager.swift */ = {isa = PBXFileReference; lastKnownFileType = sourcecode.swift; path = WatchConnectivityManager.swift; sourceTree = "<group>"; };
		EB23CEEA961D1DD0ADA29B25 /* Kinex Fit.app */ = {isa = PBXFileReference; includeInIndex = 0; lastKnownFileType = wrapper.application; path = "Kinex Fit.app"; sourceTree = BUILT_PRODUCTS_DIR; };
		EDCF82EF1BF5C7505375EA3F /* InstagramImportTab.swift */ = {isa = PBXFileReference; lastKnownFileType = sourcecode.swift; path = InstagramImportTab.swift; sourceTree = "<group>"; };
		EEB6935973DE9D8BECF04594 /* CaptionParsingTests.swift */ = {isa = PBXFileReference; lastKnownFileType = sourcecode.swift; path = CaptionParsingTests.swift; sourceTree = "<group>"; };
		F00F875A4D885F9BCEB75857 /* FacebookSignInManager.swift */ = {isa = PBXFileReference; lastKnownFileType = sourcecode.swift; path = FacebookSignInManager.swift; sourceTree = "<group>"; };
		F2AD3E020C9A72E6FB14A083 /* FeatureFlagService.swift */ = {isa = PBXFileReference; lastKnownFileType = sourcecode.swift; path = FeatureFlagService.swift; sourceTree = "<group>"; };
		F2EAFB44BCE60B9DDA8F41D2 /* APIRequest.swift */ = {isa = PBXFileReference; lastKnownFileType = sourcecode.swift; path = APIRequest.swift; sourceTree = "<group>"; };
		F50E11B9223C0E7A0A8ACD92 /* AuthSmokeTests.swift */ = {isa = PBXFileReference; lastKnownFileType = sourcecode.swift; path = AuthSmokeTests.swift; sourceTree = "<group>"; };
		F6309D0F9546A93B71022DF8 /* InstagramImportService.swift */ = {isa = PBXFileReference; lastKnownFileType = sourcecode.swift; path = InstagramImportService.swift; sourceTree = "<group>"; };
		F6389F7E8E5AE954AD48F2A0 /* StoreKitManager.swift */ = {isa = PBXFileReference; lastKnownFileType = sourcecode.swift; path = StoreKitManager.swift; sourceTree = "<group>"; };
		F82A1736672A56EF8E1C5C34 /* AppLinks.swift */ = {isa = PBXFileReference; lastKnownFileType = sourcecode.swift; path = AppLinks.swift; sourceTree = "<group>"; };
		FC636647966DA52FCF82ED84 /* ShareViewController.swift */ = {isa = PBXFileReference; lastKnownFileType = sourcecode.swift; path = ShareViewController.swift; sourceTree = "<group>"; };
		FF893620505BAE35C7256D90 /* OnboardingCoordinator.swift */ = {isa = PBXFileReference; lastKnownFileType = sourcecode.swift; path = OnboardingCoordinator.swift; sourceTree = "<group>"; };
/* End PBXFileReference section */

/* Begin PBXFrameworksBuildPhase section */
		8F8071C19322B0B70F567BB0 /* Frameworks */ = {
			isa = PBXFrameworksBuildPhase;
			buildActionMask = 2147483647;
			files = (
				B3DE00692C0A682ECEFA1DF1 /* GRDB in Frameworks */,
				3F4C74AD310F7F647878DB3A /* GoogleSignIn in Frameworks */,
				CC9D3A4B5676B00AE055CED7 /* FacebookCore in Frameworks */,
				F54E36A4E67605BD0538C7E2 /* FacebookLogin in Frameworks */,
			);
			runOnlyForDeploymentPostprocessing = 0;
		};
/* End PBXFrameworksBuildPhase section */

/* Begin PBXGroup section */
		121E7A9441A3E18E86F0AB00 /* KinexFitShareExtension */ = {
			isa = PBXGroup;
			children = (
				C2A35A31F7198577F31A5803 /* PrivacyInfo.xcprivacy */,
				C69E5A94A914A78C005ABBE0 /* ShareView.swift */,
				FC636647966DA52FCF82ED84 /* ShareViewController.swift */,
			);
			path = KinexFitShareExtension;
			sourceTree = "<group>";
		};
		13B60BE39567A2A73B89E9F2 /* AI */ = {
			isa = PBXGroup;
			children = (
				948984025EFE2F1765915861 /* AIQuotaIndicator.swift */,
				CD742703F77A788904A06A5F /* EnhancementResultView.swift */,
				97685FB362222DC6B667DA6B /* EnhanceWithAIButton.swift */,
				64C725768200434559440000 /* WorkoutGeneratorView.swift */,
			);
			path = AI;
			sourceTree = "<group>";
		};
		20658E972C89583F47CB3124 /* Parsing */ = {
			isa = PBXGroup;
			children = (
				D76AADFD2568EF7B0D190468 /* CaptionImportParsingService.swift */,
				C72AF33C18A94242748695B5 /* CaptionParser.swift */,
				B2B4C03A7872F909C47D176B /* ExerciseLibraryMatcher.swift */,
				E4D1BB37848C20B17F9A62AA /* FreeExerciseDBLoader.swift */,
				89B6A90F21F8FE3236D8FBAB /* TikTokCaptionPreprocessor.swift */,
			);
			path = Parsing;
			sourceTree = "<group>";
		};
		20FDC32AF5079613632E02E2 /* Services */ = {
			isa = PBXGroup;
			children = (
				E52FA56000EC75AE17763243 /* AIService.swift */,
				0B6DA035BE278DD711BFE0E7 /* AnalyticsService.swift */,
				D98B3609FC75E9F43F3736D3 /* AuthService.swift */,
				825D72F37813838DB5DDAEAA /* BackgroundSyncManager.swift */,
				88D3605DC09A0F7722491A3F /* EmailManager.swift */,
				C3301AB014CB54626DAE3275 /* EmailPasswordAuthService.swift */,
				8FD028D220AE65825606D077 /* ExportService.swift */,
				F00F875A4D885F9BCEB75857 /* FacebookSignInManager.swift */,
				F2AD3E020C9A72E6FB14A083 /* FeatureFlagService.swift */,
				9E7B3BB42CA334B028B5839B /* GoogleSignInManager.swift */,
				DC5827C3D3EFFF58FA0FDF42 /* GuestModeManager.swift */,
				6C5B10778A71AABD3324E4CD /* HapticManager.swift */,
				D11918831E7E2977AA973043 /* HealthKitManager.swift */,
				A76D2854A7D8B38302EAF9F0 /* InstagramFetchError.swift */,
				BB9CF6699899DE56AFE43804 /* InstagramFetchService.swift */,
				F6309D0F9546A93B71022DF8 /* InstagramImportService.swift */,
				C40DD74F2D78117C5C864279 /* MilestoneManager.swift */,
				52B1F42262E12F7924C4E82A /* NotificationManager.swift */,
				B912A4D56DF3B08E913590D1 /* OCRService.swift */,
				C20C76609EAE36336422CD69 /* OfflineModeManager.swift */,
				843AE4319B0F00CB69F23D00 /* OnboardingAnalytics.swift */,
				229A7EABEB7465837A6EB861 /* ProgressComparisonService.swift */,
				D2E20A4F5F006D76D96E1C5B /* SiriShortcutsManager.swift */,
				9C24EF33BE37B2A6FCB88132 /* StatsRepository.swift */,
				F6389F7E8E5AE954AD48F2A0 /* StoreKitManager.swift */,
				ADAEDB9542E072D7E9D8AD46 /* TextExtractionService.swift */,
				3DE1A80E3550E8306808AAE6 /* TikTokImportService.swift */,
				E64E69EEABBE3C2F0415076F /* TrendingService.swift */,
				D3AB50FF0BE389D56D633A9D /* URLExpansionService.swift */,
				D57580B62864E158CB32E3FC /* UserRepository.swift */,
				9A5A15ECDE75BDC2DE543F59 /* VideoCacheManager.swift */,
				E9B6B62AD78C8C4D70F4A35B /* WatchConnectivityManager.swift */,
				9EC437FE4BC6C866C70C3723 /* WorkoutFilterManager.swift */,
				6391591B6604353BBDF2EA34 /* WorkoutRepository.swift */,
				20658E972C89583F47CB3124 /* Parsing */,
			);
			path = Services;
			sourceTree = "<group>";
		};
		21684FFEB9937ABEEA94A1F0 /* Profile */ = {
			isa = PBXGroup;
			children = (
				5E37D2E9D80708139C6D0B53 /* DeleteAccountView.swift */,
				0934E344F05738B7ED931F63 /* HelpView.swift */,
				2AD876559D9F2136388B37FF /* ProfileTab.swift */,
				C562C8E59B642958EE17EE7A /* SettingsView.swift */,
				1C4C221CA243B4E1F0A13562 /* TrainingProfileSettingsView.swift */,
			);
			path = Profile;
			sourceTree = "<group>";
		};
		2285CB4A28B64490871E1D37 /* Resources */ = {
			isa = PBXGroup;
			children = (
				156DB48D2F620ADD008C9CE4 /* exercises.json */,
				5D6F6DFA9632A3288589095E /* Assets.xcassets */,
				A716A6252F364A2AB2262CF9 /* Info.plist */,
				48A19A0396A6C300C35C317A /* PrivacyInfo.xcprivacy */,
				157D0CC82F62041B00AAAEF8 /* free-exercise-db.json */,
			);
			path = Resources;
			sourceTree = "<group>";
		};
		27C322F86C5CEE0DD82FD838 /* Auth */ = {
			isa = PBXGroup;
			children = (
				CB1E49E06BC7F95EFA01F1B4 /* AuthSessionEvents.swift */,
				4164C468BDAFD9E24B726F89 /* AuthViewModel.swift */,
				153F7BD667E56BD45AF726B3 /* TokenStore.swift */,
			);
			path = Auth;
			sourceTree = "<group>";
		};
		33F17CEF0F07269EC0FCB87D /* App */ = {
			isa = PBXGroup;
			children = (
				2B5A0949B764DCC771FEE474 /* AppConfig.swift */,
				4208F10BD92B4361F00491C0 /* AppDelegate.swift */,
				96ED4DEB6136F9EBDE5150F4 /* AppEnvironment.swift */,
				944E35914EAEB44A4434C182 /* AppFeatureFlags.swift */,
				F82A1736672A56EF8E1C5C34 /* AppLinks.swift */,
				4AACF2EE09167A0E03B08E17 /* AppState.swift */,
				E093A91C14DA12D002584FEF /* KinexFitApp.swift */,
				2E709444D0AC40ADA209D9CD /* RootView.swift */,
				ABD5A1A9EF3AE915BF5FD8B9 /* Theme.swift */,
			);
			path = App;
			sourceTree = "<group>";
		};
		3C785CC8A7495C4F81E1866F /* Products */ = {
			isa = PBXGroup;
			children = (
				EB23CEEA961D1DD0ADA29B25 /* Kinex Fit.app */,
				7FFF4A221C3794EACAD55EE7 /* Kinex FitTests.xctest */,
				A41D4084856AA0A62DCE9663 /* KinexFitShareExtension.appex */,
			);
			name = Products;
			sourceTree = "<group>";
		};
		3EFB9A6A901FD9D5461A08E1 /* Components */ = {
			isa = PBXGroup;
			children = (
				0BB65F99FCAF2F3406FD8CA0 /* AIGeneratorCard.swift */,
				19AF704046B0E8A7553DBFDE /* FetchStateView.swift */,
				8F1F121FAD676820FB4F6509 /* InstagramQuotaIndicator.swift */,
				B74EB8DBCD5F332533B341D4 /* WorkoutDivider.swift */,
			);
			path = Components;
			sourceTree = "<group>";
		};
		4AF2425F9BDF9F360D59710C /* Sync */ = {
			isa = PBXGroup;
			children = (
				5E6BC7E58A505B8B208C96A7 /* BackgroundSyncTask.swift */,
				59BBCF9A923ADEE93F8A608E /* NetworkMonitor.swift */,
				52211B3F0A951675FC69E087 /* SyncEngine.swift */,
				8E39E3B709D493110C391694 /* SyncPayloadV1.swift */,
			);
			path = Sync;
			sourceTree = "<group>";
		};
		4CFE96174714DD4B66566E16 /* Models */ = {
			isa = PBXGroup;
			children = (
				949BC3BCC78B7C64E0CBE8BC /* AuthModels.swift */,
				6C3535EA4720CC539648388C /* Badge.swift */,
				4321971ED635AECEC974AD81 /* BodyMetric.swift */,
				E339D76A151BBC499BD8CB96 /* CaptionParsedWorkout.swift */,
				51956D4B41EB54B7F05BDEFC /* EditableWorkoutCard.swift */,
				CB5869D9A823BD46BE4FB619 /* InstagramFetchModels.swift */,
				D2C9A223E816F231463E51A8 /* InstagramImport.swift */,
				0994D14EC4D128B33720A18F /* Settings.swift */,
				D9161EAFD48A6507DA998918 /* TrainingProfile.swift */,
				D5DBD379AEF6C7237F57BC21 /* User.swift */,
				20508A2BD41BA405C201B120 /* Workout.swift */,
				F684B7116C71AF0F6BBAA6C9 /* AI */,
			);
			path = Models;
			sourceTree = "<group>";
		};
		5045D1089296E65CC3B5F0CE /* KinexFitTests */ = {
			isa = PBXGroup;
			children = (
				1528219934E6C668E305DBAB /* AppDatabaseTests.swift */,
				F50E11B9223C0E7A0A8ACD92 /* AuthSmokeTests.swift */,
				EEB6935973DE9D8BECF04594 /* CaptionParsingTests.swift */,
			);
			path = KinexFitTests;
			sourceTree = "<group>";
		};
		52C458309F02EB22C309E67D /* Workouts */ = {
			isa = PBXGroup;
			children = (
				BEEBDE6FB2DD1FEC2D49AE8C /* WorkoutDetailView.swift */,
				9598CFF27DE251970B63899E /* WorkoutFormView.swift */,
				DD63365294142619EA613B2A /* WorkoutRowView.swift */,
				9880958DC27E60075809B30D /* WorkoutSessionView.swift */,
				E19836D1296E7191534405C9 /* WorkoutsTab.swift */,
				D57854BBA51A3A3EEB5F6CAB /* WorkoutTimerSelectionSheet.swift */,
			);
			path = Workouts;
			sourceTree = "<group>";
		};
		556A176C9D5109847E1D7929 /* Persistence */ = {
			isa = PBXGroup;
			children = (
				CCDA5C5511907C88F247FD7E /* AppDatabase.swift */,
				61AD105F2F5AC40D8A5E712D /* DatabaseMigrator.swift */,
			);
			path = Persistence;
			sourceTree = "<group>";
		};
		5936C69FFE7A99F849101E81 /* Settings */ = {
			isa = PBXGroup;
			children = (
				C0ADFD647736CC175878EAFC /* NotificationPreferencesView.swift */,
			);
			path = Settings;
			sourceTree = "<group>";
		};
		5C263AA36A37543113F6DA5B /* Networking */ = {
			isa = PBXGroup;
			children = (
				58DD7FD8F8122D3500FCA2E7 /* APIClient.swift */,
				F2EAFB44BCE60B9DDA8F41D2 /* APIRequest.swift */,
				48B0B9D0A31BB4C2A29A288C /* APIRequest+InstagramImport.swift */,
				99F505B9A4C5DA308FE8A172 /* APIRequest+Metrics.swift */,
				74861895E759A15ECC647EA5 /* JSONCoding.swift */,
			);
			path = Networking;
			sourceTree = "<group>";
		};
		697C38549A8E21B88803E555 /* KinexFit */ = {
			isa = PBXGroup;
			children = (
				33F17CEF0F07269EC0FCB87D /* App */,
				27C322F86C5CEE0DD82FD838 /* Auth */,
				4CFE96174714DD4B66566E16 /* Models */,
				5C263AA36A37543113F6DA5B /* Networking */,
				556A176C9D5109847E1D7929 /* Persistence */,
				2285CB4A28B64490871E1D37 /* Resources */,
				20FDC32AF5079613632E02E2 /* Services */,
				EA21EF9DCD2937056FC4BFD3 /* Store */,
				4AF2425F9BDF9F360D59710C /* Sync */,
				CAE1C0D421D0CFC6EAD7CDC4 /* Views */,
			);
			path = KinexFit;
			sourceTree = "<group>";
		};
		7354CAFA927E387536256F20 /* Metrics */ = {
			isa = PBXGroup;
			children = (
				6E7FE8582F4174BABCBE2E20 /* MetricsTab.swift */,
			);
			path = Metrics;
			sourceTree = "<group>";
		};
		76EEDC28EAA27A1F6298CB7D /* ImportTabs */ = {
			isa = PBXGroup;
			children = (
				EDCF82EF1BF5C7505375EA3F /* InstagramImportTab.swift */,
				2782169B28FF23B49C2BB830 /* ManualImportTab.swift */,
				099D2E55B3C39E5A43436EAB /* PhotoImportTab.swift */,
			);
			path = ImportTabs;
			sourceTree = "<group>";
		};
		8A5A7F3AF17F38ED8674876E /* Import */ = {
			isa = PBXGroup;
			children = (
				ACB1E1EF855F1B4253BF0A76 /* InstagramImportReviewView.swift */,
				80750E8D8DEEE625DB511E13 /* PendingImportsBanner.swift */,
			);
			path = Import;
			sourceTree = "<group>";
		};
		99CAB5E8A6A5369A46ADC540 /* Notifications */ = {
			isa = PBXGroup;
			children = (
				A825E2DF7800911492375643 /* NotificationPermissionView.swift */,
			);
			path = Notifications;
			sourceTree = "<group>";
		};
		B11B941B051A3D5DA5E7034D /* Create */ = {
			isa = PBXGroup;
			children = (
				2AD56FEE5B4C3361F696FDB4 /* CreateWorkoutView.swift */,
				6512F8474C90D275230D4E6E /* InstagramWorkoutEditView.swift */,
				3EFB9A6A901FD9D5461A08E1 /* Components */,
				76EEDC28EAA27A1F6298CB7D /* ImportTabs */,
			);
			path = Create;
			sourceTree = "<group>";
		};
		B4A496B386220AC242140C37 /* Auth */ = {
			isa = PBXGroup;
			children = (
				3A31F92DC98E3C9C46AA29B5 /* EmailSignInSheet.swift */,
				9B36F6F2A259E9ED40867B1E /* EmailSignUpView.swift */,
				46E17EE4780932F90F49D90D /* SignInView.swift */,
			);
			path = Auth;
			sourceTree = "<group>";
		};
		BD3F42B68F2299D3F5551009 /* Calendar */ = {
			isa = PBXGroup;
			children = (
				D3572F554EA702F4F8C6B715 /* CalendarTab.swift */,
			);
			path = Calendar;
			sourceTree = "<group>";
		};
		BE459A19AE517EC7596F2C76 /* Home */ = {
			isa = PBXGroup;
			children = (
				391F5DB9958843CE2390431E /* HomeStats.swift */,
				94CDE058A8B8512123A40228 /* HomeTab.swift */,
			);
			path = Home;
			sourceTree = "<group>";
		};
		BFACC306FE138ED8C77175AE /* Scan */ = {
			isa = PBXGroup;
			children = (
				D03E5FF6477F2DC34E498DC0 /* OCRResultView.swift */,
				20A37B3945336EA8DEE48F9D /* ScanTab.swift */,
			);
			path = Scan;
			sourceTree = "<group>";
		};
		C3C7A92377BC8B7805A8678A /* Main */ = {
			isa = PBXGroup;
			children = (
				9D0EF7B80A9ECCD4A5E9A6BF /* MainTabView.swift */,
			);
			path = Main;
			sourceTree = "<group>";
		};
		CAE1C0D421D0CFC6EAD7CDC4 /* Views */ = {
			isa = PBXGroup;
			children = (
				F912B8CC3855C70E849D9885 /* Add */,
				13B60BE39567A2A73B89E9F2 /* AI */,
				B4A496B386220AC242140C37 /* Auth */,
				BD3F42B68F2299D3F5551009 /* Calendar */,
				F559B3317704150F2389F233 /* Components */,
				B11B941B051A3D5DA5E7034D /* Create */,
				BE459A19AE517EC7596F2C76 /* Home */,
				8A5A7F3AF17F38ED8674876E /* Import */,
				C3C7A92377BC8B7805A8678A /* Main */,
				7354CAFA927E387536256F20 /* Metrics */,
				99CAB5E8A6A5369A46ADC540 /* Notifications */,
				D574B26CC2040628187A0EE5 /* Onboarding */,
				21684FFEB9937ABEEA94A1F0 /* Profile */,
				BFACC306FE138ED8C77175AE /* Scan */,
				5936C69FFE7A99F849101E81 /* Settings */,
				E227866AC71A796D7B8CB521 /* Store */,
				52C458309F02EB22C309E67D /* Workouts */,
			);
			path = Views;
			sourceTree = "<group>";
		};
		D574B26CC2040628187A0EE5 /* Onboarding */ = {
			isa = PBXGroup;
			children = (
				9191381754023702D26D90DF /* BasicProfileStep.swift */,
				479A4A2D835B9A041507FD64 /* CompleteStep.swift */,
				8022168EAE27B8511CAA1FB0 /* EquipmentStep.swift */,
				0E35F674294F24184C7E00F0 /* ExperienceStep.swift */,
				79B76C6F65A467AA43413079 /* GoalsStep.swift */,
				BA9BB51F40FFC0491BBFD663 /* ImportFirstOnboardingView.swift */,
				C6ACEC604FB4B38A47367C37 /* ImportProgressView.swift */,
				BBD6DEDE18C170D904785047 /* ImportPromptStep.swift */,
				FF893620505BAE35C7256D90 /* OnboardingCoordinator.swift */,
				76F3DB38DFE5B706FBD45B71 /* PersonalRecordsStep.swift */,
				CB4F12B5270D71F5698DD3AD /* QuickProfileStep.swift */,
				B67C2A0E101BCD694B5C661C /* ScheduleStep.swift */,
				073756617261BC671E989161 /* WelcomeStep.swift */,
			);
			path = Onboarding;
			sourceTree = "<group>";
		};
		E227866AC71A796D7B8CB521 /* Store */ = {
			isa = PBXGroup;
			children = (
				3F402A3F3DE6BDF3FCD59480 /* PaywallView.swift */,
				85B0DE5BDD43E7C71EA17DA2 /* SubscriptionStatusView.swift */,
			);
			path = Store;
			sourceTree = "<group>";
		};
		EA21EF9DCD2937056FC4BFD3 /* Store */ = {
			isa = PBXGroup;
			children = (
				3F2F08FBF2F3C573DD16F9A4 /* ProductIDs.swift */,
				B684CB5C65893670C5687DD3 /* PurchaseValidator.swift */,
				E6CB60AD751B804BE2A2C48B /* StoreManager.swift */,
			);
			path = Store;
			sourceTree = "<group>";
		};
		F4382397D58D71F2FEC6EE7E = {
			isa = PBXGroup;
			children = (
				697C38549A8E21B88803E555 /* KinexFit */,
				121E7A9441A3E18E86F0AB00 /* KinexFitShareExtension */,
				5045D1089296E65CC3B5F0CE /* KinexFitTests */,
				3C785CC8A7495C4F81E1866F /* Products */,
			);
			sourceTree = "<group>";
		};
		F559B3317704150F2389F233 /* Components */ = {
			isa = PBXGroup;
			children = (
				7DB2B6FE827306A1927D6844 /* AIFeatureCard.swift */,
				E6478ECF31D1DF9E9CFB9C71 /* ExerciseSearch.swift */,
				5912F75EEEF204E72031EBE9 /* GuestLimitBannerView.swift */,
				3EEFF07B285A8E85D0F3D5FF /* StatCard.swift */,
				587B4225A4B723E865D5DDFF /* SyncStatusIndicator.swift */,
				9F60E54415F0ED89B8401793 /* WorkoutCardEditor.swift */,
			);
			path = Components;
			sourceTree = "<group>";
		};
		F684B7116C71AF0F6BBAA6C9 /* AI */ = {
			isa = PBXGroup;
			children = (
				70ABEEED580A4286BD546CD2 /* AIModels.swift */,
			);
			path = AI;
			sourceTree = "<group>";
		};
		F912B8CC3855C70E849D9885 /* Add */ = {
			isa = PBXGroup;
			children = (
				0D38E8B33BD997AD4B12F9B9 /* AddWorkoutTab.swift */,
			);
			path = Add;
			sourceTree = "<group>";
		};
/* End PBXGroup section */

/* Begin PBXNativeTarget section */
		3B3D53A186D9A415B6DF12C1 /* KinexFitShareExtension */ = {
			isa = PBXNativeTarget;
			buildConfigurationList = D0C01E0B7EB35384A6ECEFD3 /* Build configuration list for PBXNativeTarget "KinexFitShareExtension" */;
			buildPhases = (
				CEDA77CC3A734A55A3E4BEF6 /* Sources */,
				CFFCF91A35AB7551C8A42365 /* Resources */,
			);
			buildRules = (
			);
			dependencies = (
			);
			name = KinexFitShareExtension;
			packageProductDependencies = (
			);
			productName = KinexFitShareExtension;
			productReference = A41D4084856AA0A62DCE9663 /* KinexFitShareExtension.appex */;
			productType = "com.apple.product-type.app-extension";
		};
		9AB114BC923DCAD31D4FF8D5 /* Kinex Fit */ = {
			isa = PBXNativeTarget;
			buildConfigurationList = 244C78D5EF5F7B575377CFB9 /* Build configuration list for PBXNativeTarget "Kinex Fit" */;
			buildPhases = (
				0C54C57DC69BD95B54A351ED /* Sources */,
				59C2247098436F9987336095 /* Resources */,
				8F8071C19322B0B70F567BB0 /* Frameworks */,
				F5FE4D067934F16FB68F4AEF /* Embed Foundation Extensions */,
			);
			buildRules = (
			);
			dependencies = (
				79477700EE178E9C06996CB8 /* PBXTargetDependency */,
			);
			name = "Kinex Fit";
			packageProductDependencies = (
				33DFF65D44F59BDD0476CBE5 /* GRDB */,
				917FA021EEB3292AB35945B4 /* GoogleSignIn */,
				8B725E1DC09C714547A141B4 /* FacebookCore */,
				B6198D933A6CCD5035ABF8B7 /* FacebookLogin */,
			);
			productName = "Kinex Fit";
			productReference = EB23CEEA961D1DD0ADA29B25 /* Kinex Fit.app */;
			productType = "com.apple.product-type.application";
		};
		CC1CBE76C2BBB7D5BA6EAF10 /* Kinex FitTests */ = {
			isa = PBXNativeTarget;
			buildConfigurationList = 6ECB9C13E819063F672D0B6B /* Build configuration list for PBXNativeTarget "Kinex FitTests" */;
			buildPhases = (
				943165C496D078901F5C1323 /* Sources */,
			);
			buildRules = (
			);
			dependencies = (
				DDED64666E062C9D077299FC /* PBXTargetDependency */,
			);
			name = "Kinex FitTests";
			packageProductDependencies = (
			);
			productName = "Kinex FitTests";
			productReference = 7FFF4A221C3794EACAD55EE7 /* Kinex FitTests.xctest */;
			productType = "com.apple.product-type.bundle.unit-test";
		};
/* End PBXNativeTarget section */

/* Begin PBXProject section */
		ADB714D78300FC31ACA6E446 /* Project object */ = {
			isa = PBXProject;
			attributes = {
				BuildIndependentTargetsInParallel = YES;
				LastUpgradeCheck = 1430;
				TargetAttributes = {
					3B3D53A186D9A415B6DF12C1 = {
						DevelopmentTeam = J6G8H8EZWS;
					};
					9AB114BC923DCAD31D4FF8D5 = {
						DevelopmentTeam = J6G8H8EZWS;
					};
				};
			};
			buildConfigurationList = 776C46E4D21D5864AA5F487D /* Build configuration list for PBXProject "Kinex Fit" */;
			compatibilityVersion = "Xcode 14.0";
			developmentRegion = en;
			hasScannedForEncodings = 0;
			knownRegions = (
				Base,
				en,
			);
			mainGroup = F4382397D58D71F2FEC6EE7E;
			minimizedProjectReferenceProxies = 1;
			packageReferences = (
				F9B514C268842BC5059B736D /* XCRemoteSwiftPackageReference "facebook-ios-sdk" */,
				88FAF597F5352C7B80DFC340 /* XCRemoteSwiftPackageReference "GRDB.swift" */,
				8A7B7B7C72630E6B430DA2D1 /* XCRemoteSwiftPackageReference "GoogleSignIn-iOS" */,
			);
			projectDirPath = "";
			projectRoot = "";
			targets = (
				9AB114BC923DCAD31D4FF8D5 /* Kinex Fit */,
				CC1CBE76C2BBB7D5BA6EAF10 /* Kinex FitTests */,
				3B3D53A186D9A415B6DF12C1 /* KinexFitShareExtension */,
			);
		};
/* End PBXProject section */

/* Begin PBXResourcesBuildPhase section */
		59C2247098436F9987336095 /* Resources */ = {
			isa = PBXResourcesBuildPhase;
			buildActionMask = 2147483647;
			files = (
				A1CCF999F330B5E445843E22 /* Assets.xcassets in Resources */,
				156DB48E2F620ADD008C9CE4 /* exercises.json in Resources */,
				C03EE1E3F623FD5BFF0D9847 /* PrivacyInfo.xcprivacy in Resources */,
				157D0CC92F62041B00AAAEF8 /* free-exercise-db.json in Resources */,
			);
			runOnlyForDeploymentPostprocessing = 0;
		};
		CFFCF91A35AB7551C8A42365 /* Resources */ = {
			isa = PBXResourcesBuildPhase;
			buildActionMask = 2147483647;
			files = (
				CB89C71A43A047E2F823B280 /* PrivacyInfo.xcprivacy in Resources */,
			);
			runOnlyForDeploymentPostprocessing = 0;
		};
/* End PBXResourcesBuildPhase section */

/* Begin PBXSourcesBuildPhase section */
		0C54C57DC69BD95B54A351ED /* Sources */ = {
			isa = PBXSourcesBuildPhase;
			buildActionMask = 2147483647;
			files = (
				FC10EEFA6FA4E9E5BB24B8B1 /* AIFeatureCard.swift in Sources */,
				6D8819C5BBB3E7BCE544A9A8 /* AIGeneratorCard.swift in Sources */,
				3AD197A45D6DB4B6A213932E /* AIModels.swift in Sources */,
				77B7FCCB49712235F0CA6E87 /* AIQuotaIndicator.swift in Sources */,
				8B94A72C3A14A2058879A2C6 /* AIService.swift in Sources */,
				155D538F0753B74BC2A9FDB9 /* APIClient.swift in Sources */,
				66073701149A5485DDF897CB /* APIRequest+InstagramImport.swift in Sources */,
				49809D7744B1D0E997698D7E /* APIRequest+Metrics.swift in Sources */,
				3C07EA85317E159E624EC4D3 /* APIRequest.swift in Sources */,
				13DECE3E661DFE7286C712BF /* AddWorkoutTab.swift in Sources */,
				E46F3ADE77B6E614963CEAA1 /* AnalyticsService.swift in Sources */,
				F0A268DA39C89019FE803BBB /* AppConfig.swift in Sources */,
				A4EC2B9298DEBB1A9EF15628 /* AppDatabase.swift in Sources */,
				B6556C8E1B6D5DDDDBB79327 /* AppDelegate.swift in Sources */,
				A626C350078136567059981D /* AppEnvironment.swift in Sources */,
				F0C2A9ACA85A5EE95974D3E2 /* AppFeatureFlags.swift in Sources */,
				734A7B378A0C3339C4D0990C /* AppLinks.swift in Sources */,
				7AEC531D38224C078529EE8E /* AppState.swift in Sources */,
				C49E40F8FA67CC98E0EDC5B3 /* AuthModels.swift in Sources */,
				EE56C7325CA24C545F424F39 /* AuthService.swift in Sources */,
				2E05F525A0643870A093232E /* AuthSessionEvents.swift in Sources */,
				FF7DA8E3243524C8D4C1AE41 /* AuthViewModel.swift in Sources */,
				DF547F2DA200E3147B1D49AB /* BackgroundSyncManager.swift in Sources */,
				78B6185CA0DB8536DAE154C4 /* BackgroundSyncTask.swift in Sources */,
				388763A7A3C19DD5BC3FF17E /* Badge.swift in Sources */,
				DAA2A3EB1AF6B42D5B3F7DFE /* BasicProfileStep.swift in Sources */,
				1F300C392F2383DD0F97879F /* BodyMetric.swift in Sources */,
				0A74F0F12F28BBBB8A432D84 /* CalendarTab.swift in Sources */,
				816DD0AEF047E6BB593759C7 /* CaptionImportParsingService.swift in Sources */,
				1464DEAA0D7E51B4341CF530 /* CaptionParsedWorkout.swift in Sources */,
				5B58FDA1781E2E15D65F5674 /* CaptionParser.swift in Sources */,
				507258834C91D31553383E7A /* CompleteStep.swift in Sources */,
				232827D435953630F2808BE8 /* CreateWorkoutView.swift in Sources */,
				E4AFE44BC09F07D3353549E4 /* DatabaseMigrator.swift in Sources */,
				DBF56914B34CE526614710A9 /* DeleteAccountView.swift in Sources */,
				011A8CDFEC9B5A2F2676881B /* EditableWorkoutCard.swift in Sources */,
				00EA69A3812279DCFA359184 /* EmailManager.swift in Sources */,
				00E858ED0B635DF7E12967EE /* EmailPasswordAuthService.swift in Sources */,
				EDC43890ED7D0ABD8919F6CB /* EmailSignInSheet.swift in Sources */,
				2337FBA148A30C7874DFA5ED /* EmailSignUpView.swift in Sources */,
				CF5548C9EEBDF114B2030F80 /* EnhanceWithAIButton.swift in Sources */,
				25CED3E0875FC21B8E140C2A /* EnhancementResultView.swift in Sources */,
				E1B6406AD18F68E7154BA057 /* EquipmentStep.swift in Sources */,
				ABA4EF1F4C28A7F600CE3E91 /* ExerciseLibraryMatcher.swift in Sources */,
				BC04EFDC2E107AD94DC31030 /* ExerciseSearch.swift in Sources */,
				A9DD38613231F8F4CB8F9D0B /* ExperienceStep.swift in Sources */,
				AB57887EC159C9D24886D036 /* ExportService.swift in Sources */,
				F848CF90121E12CFB7099FC0 /* FacebookSignInManager.swift in Sources */,
				38F8976C6AD953C18BE4758B /* FeatureFlagService.swift in Sources */,
				9AC617055E83790A07587064 /* FetchStateView.swift in Sources */,
				7248258A5505B2CFBC403B01 /* FreeExerciseDBLoader.swift in Sources */,
				3307AE96623C917EFAA1A64E /* GoalsStep.swift in Sources */,
				D0A5ED88D1ABD1F330D2CA1B /* GoogleSignInManager.swift in Sources */,
				AE99B9AE5B3EED35D8D7532A /* GuestLimitBannerView.swift in Sources */,
				2D0EB79E53F871504B87910B /* GuestModeManager.swift in Sources */,
				A296BD23F6C64EF992BA6A77 /* HapticManager.swift in Sources */,
				127AD70B8F0A51104096E7A0 /* HealthKitManager.swift in Sources */,
				58227D0F98C426A2F8A04706 /* HelpView.swift in Sources */,
				9820E0739B7417CD0DB3B6BD /* HomeStats.swift in Sources */,
				99A7555F6D727FA93E115238 /* HomeTab.swift in Sources */,
				6ACD17A9B0447FF00B987C92 /* ImportFirstOnboardingView.swift in Sources */,
				9680C81FC3CD35CAB2F9EF37 /* ImportProgressView.swift in Sources */,
				BFE52B4CFD5E51E6E7DA481A /* ImportPromptStep.swift in Sources */,
				F1F9499858CDD5F51368923E /* InstagramFetchError.swift in Sources */,
				78DBBF5860D578D0007BDCC4 /* InstagramFetchModels.swift in Sources */,
				A83B0C4032B6538FA8C8A14C /* InstagramFetchService.swift in Sources */,
				68C69C70239017378AC2A5ED /* InstagramImport.swift in Sources */,
				8609320B7CF72BC1909178DE /* InstagramImportReviewView.swift in Sources */,
				A615F3385D47DCAC700638CA /* InstagramImportService.swift in Sources */,
				3711488B4A32BB904B139CBF /* InstagramImportTab.swift in Sources */,
				FDABF9FB4C9CAEC195FFA40C /* InstagramQuotaIndicator.swift in Sources */,
				A77004360813FE9DEC4B5BB9 /* InstagramWorkoutEditView.swift in Sources */,
				15F6E3582C94F72DC9627D69 /* JSONCoding.swift in Sources */,
				FEF523ED2E2D84FDD012856C /* KinexFitApp.swift in Sources */,
				166253E1C029BF71DFFC0C24 /* MainTabView.swift in Sources */,
				BD24C04428C21DF0EAAF3A10 /* ManualImportTab.swift in Sources */,
				19209DA66BC8B9D3A71470C1 /* MetricsTab.swift in Sources */,
				F81FCD58E5479EFA6F5FCA60 /* MilestoneManager.swift in Sources */,
				9498561B93A2B103965010D3 /* NetworkMonitor.swift in Sources */,
				492BE5FA7C60CBA61558A806 /* NotificationManager.swift in Sources */,
				8858D470E6035723B5120AFB /* NotificationPermissionView.swift in Sources */,
				88BCB20EBB14C894C3BFF013 /* NotificationPreferencesView.swift in Sources */,
				A1D84016BB58AAFD5556E224 /* OCRResultView.swift in Sources */,
				AE4CE5A3A6AA7F6DA0A39E5A /* OCRService.swift in Sources */,
				25DEE1B8B292F69B97BBA9C5 /* OfflineModeManager.swift in Sources */,
				6EB143FA38D0008B24655E9D /* OnboardingAnalytics.swift in Sources */,
				E5D51B20867CC09DD6F32695 /* OnboardingCoordinator.swift in Sources */,
				287664179876E59E837BCC4B /* PaywallView.swift in Sources */,
				FC54A67A79C8A6505A4E6172 /* PendingImportsBanner.swift in Sources */,
				E6A87C9974A854EA56A2F9B5 /* PersonalRecordsStep.swift in Sources */,
				CF7134F8872794C03FAFE010 /* PhotoImportTab.swift in Sources */,
				D30F172D1D8DE2C53D4D78C7 /* ProductIDs.swift in Sources */,
				09BF637EBC03DE8E9CA1347F /* ProfileTab.swift in Sources */,
				7B6F1B0EB9C1D79904504E3C /* ProgressComparisonService.swift in Sources */,
				20C1E86B60962A17786862EA /* PurchaseValidator.swift in Sources */,
				1B48EA3708EE44E87571E19A /* QuickProfileStep.swift in Sources */,
				30C2DE10CD6E328B67599FAF /* RootView.swift in Sources */,
				A9B382E17839AD6AC63F26B8 /* ScanTab.swift in Sources */,
				525DC6C36AC7F4DA9700BE8D /* ScheduleStep.swift in Sources */,
				DCC0B696F64B1BF213A814EF /* Settings.swift in Sources */,
				D71CBDF59D5E08FC6997FD2E /* SettingsView.swift in Sources */,
				F0C43446F53DB86803508139 /* SignInView.swift in Sources */,
				B83011B997D59C3109A884A0 /* SiriShortcutsManager.swift in Sources */,
				54BF1FD514704B26BDA3530E /* StatCard.swift in Sources */,
				2F66D0F702C92C0CD43A14D7 /* StatsRepository.swift in Sources */,
				1A4DF8B22B7A0DAB39B39156 /* StoreKitManager.swift in Sources */,
				E25C34CAA0895BD42D061D98 /* StoreManager.swift in Sources */,
				23065E977C328D7B92DE337A /* SubscriptionStatusView.swift in Sources */,
				71A6698DF6EF0DB7944174F5 /* SyncEngine.swift in Sources */,
				FB469F435BC04C5C0488F7CF /* SyncPayloadV1.swift in Sources */,
				B8AF0DF4A0C0DCBB2781D846 /* SyncStatusIndicator.swift in Sources */,
				EA6484DD566023A8F81B71E1 /* TextExtractionService.swift in Sources */,
				CA95F1404EF7261F2B97D024 /* Theme.swift in Sources */,
				56D70DC2F2EC3A6C843751DB /* TikTokCaptionPreprocessor.swift in Sources */,
				317F86ED5C7CCF197B9A57A2 /* TikTokImportService.swift in Sources */,
				EC6EAB0C234A8B2183AD2369 /* TokenStore.swift in Sources */,
				B88AB658B60E74C7C7EB1CD1 /* TrainingProfile.swift in Sources */,
				AD9E93AD600056BD492BF326 /* TrainingProfileSettingsView.swift in Sources */,
				E21D3D83FB1B4349B80DF7C0 /* TrendingService.swift in Sources */,
				42AE2E4E7F5C15F927A98ADB /* URLExpansionService.swift in Sources */,
				F230668C89DDDFC6CBCB23C4 /* User.swift in Sources */,
				025966618AE39C994C785DAE /* UserRepository.swift in Sources */,
				3F63586E3D4560F36D4D3147 /* VideoCacheManager.swift in Sources */,
				654C8738208560002FAC047A /* WatchConnectivityManager.swift in Sources */,
				66216D0063BFABD68FDD75FE /* WelcomeStep.swift in Sources */,
				8DE533AE0302CE90C3DB5D9C /* Workout.swift in Sources */,
				344CFB8B146FE0E57DEBA93A /* WorkoutCardEditor.swift in Sources */,
				A32ED93C4AB20B2A21ADB044 /* WorkoutDetailView.swift in Sources */,
				0E24B79154ACC72F93D2D62E /* WorkoutDivider.swift in Sources */,
				9D288D430C2FF4F7C402F9B5 /* WorkoutFilterManager.swift in Sources */,
				7C17B8902507B3F6FEBBCB09 /* WorkoutFormView.swift in Sources */,
				B49DAC8654002D336AAB2CB5 /* WorkoutGeneratorView.swift in Sources */,
				3D366807F9469173DFA3C2DE /* WorkoutRepository.swift in Sources */,
				5D0193B2023E9975DBFFA42F /* WorkoutRowView.swift in Sources */,
				05DF53AD35FA561130D5A388 /* WorkoutSessionView.swift in Sources */,
				FBB8FAF3AA6AF1A8C08CB47E /* WorkoutTimerSelectionSheet.swift in Sources */,
				B5B8D2297E5B7165427F5CAD /* WorkoutsTab.swift in Sources */,
			);
			runOnlyForDeploymentPostprocessing = 0;
		};
		943165C496D078901F5C1323 /* Sources */ = {
			isa = PBXSourcesBuildPhase;
			buildActionMask = 2147483647;
			files = (
				C55E9194C461D6CF1C8E8374 /* AppDatabaseTests.swift in Sources */,
				5489CB92230289420246E89A /* AuthSmokeTests.swift in Sources */,
				D01E5B82CA03A6EF78391EE9 /* CaptionParsingTests.swift in Sources */,
			);
			runOnlyForDeploymentPostprocessing = 0;
		};
		CEDA77CC3A734A55A3E4BEF6 /* Sources */ = {
			isa = PBXSourcesBuildPhase;
			buildActionMask = 2147483647;
			files = (
				F9608657256FEF8E6F913B08 /* ShareView.swift in Sources */,
				A7B5CEC239BA21AE33D56748 /* ShareViewController.swift in Sources */,
			);
			runOnlyForDeploymentPostprocessing = 0;
		};
/* End PBXSourcesBuildPhase section */

/* Begin PBXTargetDependency section */
		79477700EE178E9C06996CB8 /* PBXTargetDependency */ = {
			isa = PBXTargetDependency;
			target = 3B3D53A186D9A415B6DF12C1 /* KinexFitShareExtension */;
			targetProxy = A5C4F6046BFB33E72113F8B5 /* PBXContainerItemProxy */;
		};
		DDED64666E062C9D077299FC /* PBXTargetDependency */ = {
			isa = PBXTargetDependency;
			target = 9AB114BC923DCAD31D4FF8D5 /* Kinex Fit */;
			targetProxy = 256A3450C531F625A89C6DF2 /* PBXContainerItemProxy */;
		};
/* End PBXTargetDependency section */

/* Begin XCBuildConfiguration section */
		244A63C2FFC733A048E35875 /* Debug */ = {
			isa = XCBuildConfiguration;
			buildSettings = {
				CODE_SIGN_ENTITLEMENTS = KinexFitShareExtension/KinexFitShareExtension.Debug.entitlements;
				CURRENT_PROJECT_VERSION = 1;
				DEVELOPMENT_TEAM = J6G8H8EZWS;
				INFOPLIST_FILE = KinexFitShareExtension/Info.plist;
				IPHONEOS_DEPLOYMENT_TARGET = 17.6;
				LD_RUNPATH_SEARCH_PATHS = (
					"$(inherited)",
					"@executable_path/Frameworks",
					"@executable_path/../../Frameworks",
				);
				MARKETING_VERSION = 1.0;
				PRODUCT_BUNDLE_IDENTIFIER = com.kinex.fit.shareextension;
				SDKROOT = iphoneos;
				SWIFT_VERSION = 5.0;
				TARGETED_DEVICE_FAMILY = 1;
			};
			name = Debug;
		};
		43A807684D426ADEE689E5D3 /* Release */ = {
			isa = XCBuildConfiguration;
			buildSettings = {
				ASSETCATALOG_COMPILER_APPICON_NAME = AppIcon;
				CODE_SIGN_ENTITLEMENTS = "Kinex Fit.entitlements";
				CODE_SIGN_IDENTITY = "iPhone Developer";
				CURRENT_PROJECT_VERSION = 1;
				DEVELOPMENT_TEAM = J6G8H8EZWS;
				INFOPLIST_FILE = KinexFit/Resources/Info.plist;
				IPHONEOS_DEPLOYMENT_TARGET = 17.6;
				LD_RUNPATH_SEARCH_PATHS = (
					"$(inherited)",
					"@executable_path/Frameworks",
				);
				MARKETING_VERSION = 1.0;
				PRODUCT_BUNDLE_IDENTIFIER = com.kinex.fit;
				SDKROOT = iphoneos;
				SWIFT_OPTIMIZATION_LEVEL = "-O";
				SWIFT_VERSION = 5.0;
				TARGETED_DEVICE_FAMILY = 1;
			};
			name = Release;
		};
		4EC862B299B000CB321ACE22 /* Release */ = {
			isa = XCBuildConfiguration;
			buildSettings = {
				ALWAYS_SEARCH_USER_PATHS = NO;
				CLANG_ANALYZER_NONNULL = YES;
				CLANG_ANALYZER_NUMBER_OBJECT_CONVERSION = YES_AGGRESSIVE;
				CLANG_CXX_LANGUAGE_STANDARD = "gnu++14";
				CLANG_CXX_LIBRARY = "libc++";
				CLANG_ENABLE_MODULES = YES;
				CLANG_ENABLE_OBJC_ARC = YES;
				CLANG_ENABLE_OBJC_WEAK = YES;
				CLANG_WARN_BLOCK_CAPTURE_AUTORELEASING = YES;
				CLANG_WARN_BOOL_CONVERSION = YES;
				CLANG_WARN_COMMA = YES;
				CLANG_WARN_CONSTANT_CONVERSION = YES;
				CLANG_WARN_DEPRECATED_OBJC_IMPLEMENTATIONS = YES;
				CLANG_WARN_DIRECT_OBJC_ISA_USAGE = YES_ERROR;
				CLANG_WARN_DOCUMENTATION_COMMENTS = YES;
				CLANG_WARN_EMPTY_BODY = YES;
				CLANG_WARN_ENUM_CONVERSION = YES;
				CLANG_WARN_INFINITE_RECURSION = YES;
				CLANG_WARN_INT_CONVERSION = YES;
				CLANG_WARN_NON_LITERAL_NULL_CONVERSION = YES;
				CLANG_WARN_OBJC_IMPLICIT_RETAIN_SELF = YES;
				CLANG_WARN_OBJC_LITERAL_CONVERSION = YES;
				CLANG_WARN_OBJC_ROOT_CLASS = YES_ERROR;
				CLANG_WARN_QUOTED_INCLUDE_IN_FRAMEWORK_HEADER = YES;
				CLANG_WARN_RANGE_LOOP_ANALYSIS = YES;
				CLANG_WARN_STRICT_PROTOTYPES = YES;
				CLANG_WARN_SUSPICIOUS_MOVE = YES;
				CLANG_WARN_UNGUARDED_AVAILABILITY = YES_AGGRESSIVE;
				CLANG_WARN_UNREACHABLE_CODE = YES;
				CLANG_WARN__DUPLICATE_METHOD_MATCH = YES;
				COPY_PHASE_STRIP = NO;
				CURRENT_PROJECT_VERSION = 1;
				DEBUG_INFORMATION_FORMAT = "dwarf-with-dsym";
				ENABLE_NS_ASSERTIONS = NO;
				ENABLE_STRICT_OBJC_MSGSEND = YES;
				GCC_C_LANGUAGE_STANDARD = gnu11;
				GCC_NO_COMMON_BLOCKS = YES;
				GCC_WARN_64_TO_32_BIT_CONVERSION = YES;
				GCC_WARN_ABOUT_RETURN_TYPE = YES_ERROR;
				GCC_WARN_UNDECLARED_SELECTOR = YES;
				GCC_WARN_UNINITIALIZED_AUTOS = YES_AGGRESSIVE;
				GCC_WARN_UNUSED_FUNCTION = YES;
				GCC_WARN_UNUSED_VARIABLE = YES;
				IPHONEOS_DEPLOYMENT_TARGET = 17.6;
				MARKETING_VERSION = 1.0;
				MTL_ENABLE_DEBUG_INFO = NO;
				MTL_FAST_MATH = YES;
				PRODUCT_NAME = "$(TARGET_NAME)";
				SDKROOT = iphoneos;
				SWIFT_COMPILATION_MODE = wholemodule;
				SWIFT_OPTIMIZATION_LEVEL = "-O";
				SWIFT_VERSION = 5.0;
				TARGETED_DEVICE_FAMILY = 1;
			};
			name = Release;
		};
		52D8A27C378D2792F9075F55 /* Debug */ = {
			isa = XCBuildConfiguration;
			buildSettings = {
				ALWAYS_SEARCH_USER_PATHS = NO;
				CLANG_ANALYZER_NONNULL = YES;
				CLANG_ANALYZER_NUMBER_OBJECT_CONVERSION = YES_AGGRESSIVE;
				CLANG_CXX_LANGUAGE_STANDARD = "gnu++14";
				CLANG_CXX_LIBRARY = "libc++";
				CLANG_ENABLE_MODULES = YES;
				CLANG_ENABLE_OBJC_ARC = YES;
				CLANG_ENABLE_OBJC_WEAK = YES;
				CLANG_WARN_BLOCK_CAPTURE_AUTORELEASING = YES;
				CLANG_WARN_BOOL_CONVERSION = YES;
				CLANG_WARN_COMMA = YES;
				CLANG_WARN_CONSTANT_CONVERSION = YES;
				CLANG_WARN_DEPRECATED_OBJC_IMPLEMENTATIONS = YES;
				CLANG_WARN_DIRECT_OBJC_ISA_USAGE = YES_ERROR;
				CLANG_WARN_DOCUMENTATION_COMMENTS = YES;
				CLANG_WARN_EMPTY_BODY = YES;
				CLANG_WARN_ENUM_CONVERSION = YES;
				CLANG_WARN_INFINITE_RECURSION = YES;
				CLANG_WARN_INT_CONVERSION = YES;
				CLANG_WARN_NON_LITERAL_NULL_CONVERSION = YES;
				CLANG_WARN_OBJC_IMPLICIT_RETAIN_SELF = YES;
				CLANG_WARN_OBJC_LITERAL_CONVERSION = YES;
				CLANG_WARN_OBJC_ROOT_CLASS = YES_ERROR;
				CLANG_WARN_QUOTED_INCLUDE_IN_FRAMEWORK_HEADER = YES;
				CLANG_WARN_RANGE_LOOP_ANALYSIS = YES;
				CLANG_WARN_STRICT_PROTOTYPES = YES;
				CLANG_WARN_SUSPICIOUS_MOVE = YES;
				CLANG_WARN_UNGUARDED_AVAILABILITY = YES_AGGRESSIVE;
				CLANG_WARN_UNREACHABLE_CODE = YES;
				CLANG_WARN__DUPLICATE_METHOD_MATCH = YES;
				COPY_PHASE_STRIP = NO;
				CURRENT_PROJECT_VERSION = 1;
				DEBUG_INFORMATION_FORMAT = dwarf;
				ENABLE_STRICT_OBJC_MSGSEND = YES;
				ENABLE_TESTABILITY = YES;
				GCC_C_LANGUAGE_STANDARD = gnu11;
				GCC_DYNAMIC_NO_PIC = NO;
				GCC_NO_COMMON_BLOCKS = YES;
				GCC_OPTIMIZATION_LEVEL = 0;
				GCC_PREPROCESSOR_DEFINITIONS = (
					"$(inherited)",
					"DEBUG=1",
				);
				GCC_WARN_64_TO_32_BIT_CONVERSION = YES;
				GCC_WARN_ABOUT_RETURN_TYPE = YES_ERROR;
				GCC_WARN_UNDECLARED_SELECTOR = YES;
				GCC_WARN_UNINITIALIZED_AUTOS = YES_AGGRESSIVE;
				GCC_WARN_UNUSED_FUNCTION = YES;
				GCC_WARN_UNUSED_VARIABLE = YES;
				IPHONEOS_DEPLOYMENT_TARGET = 17.6;
				MARKETING_VERSION = 1.0;
				MTL_ENABLE_DEBUG_INFO = INCLUDE_SOURCE;
				MTL_FAST_MATH = YES;
				ONLY_ACTIVE_ARCH = YES;
				PRODUCT_NAME = "$(TARGET_NAME)";
				SDKROOT = iphoneos;
				SWIFT_ACTIVE_COMPILATION_CONDITIONS = DEBUG;
				SWIFT_OPTIMIZATION_LEVEL = "-Onone";
				SWIFT_VERSION = 5.0;
				TARGETED_DEVICE_FAMILY = 1;
			};
			name = Debug;
		};
		7E165914F3C293FEE0C984FC /* Debug */ = {
			isa = XCBuildConfiguration;
			buildSettings = {
				BUNDLE_LOADER = "$(TEST_HOST)";
				CODE_SIGNING_ALLOWED = NO;
				GENERATE_INFOPLIST_FILE = YES;
				IPHONEOS_DEPLOYMENT_TARGET = 17.6;
				LD_RUNPATH_SEARCH_PATHS = (
					"$(inherited)",
					"@executable_path/Frameworks",
					"@loader_path/Frameworks",
				);
				SDKROOT = iphoneos;
				SWIFT_VERSION = 5.0;
				TARGETED_DEVICE_FAMILY = 1;
				TEST_HOST = "$(BUILT_PRODUCTS_DIR)/Kinex Fit.app/Kinex Fit";
			};
			name = Debug;
		};
		88E0412807D037E7CF53180D /* Debug */ = {
			isa = XCBuildConfiguration;
			buildSettings = {
				ASSETCATALOG_COMPILER_APPICON_NAME = AppIcon;
				CODE_SIGN_ENTITLEMENTS = "Kinex Fit.Debug.entitlements";
				CODE_SIGN_IDENTITY = "iPhone Developer";
				CURRENT_PROJECT_VERSION = 1;
				DEVELOPMENT_TEAM = J6G8H8EZWS;
				INFOPLIST_FILE = KinexFit/Resources/Info.plist;
				IPHONEOS_DEPLOYMENT_TARGET = 17.6;
				LD_RUNPATH_SEARCH_PATHS = (
					"$(inherited)",
					"@executable_path/Frameworks",
				);
				MARKETING_VERSION = 1.0;
				PRODUCT_BUNDLE_IDENTIFIER = com.kinex.fit;
				SDKROOT = iphoneos;
				SWIFT_ACTIVE_COMPILATION_CONDITIONS = DEBUG;
				SWIFT_OPTIMIZATION_LEVEL = "-Onone";
				SWIFT_VERSION = 5.0;
				TARGETED_DEVICE_FAMILY = 1;
			};
			name = Debug;
		};
		D900296D6EB1BDE1B533F398 /* Release */ = {
			isa = XCBuildConfiguration;
			buildSettings = {
				BUNDLE_LOADER = "$(TEST_HOST)";
				CODE_SIGNING_ALLOWED = NO;
				GENERATE_INFOPLIST_FILE = YES;
				IPHONEOS_DEPLOYMENT_TARGET = 17.6;
				LD_RUNPATH_SEARCH_PATHS = (
					"$(inherited)",
					"@executable_path/Frameworks",
					"@loader_path/Frameworks",
				);
				SDKROOT = iphoneos;
				SWIFT_VERSION = 5.0;
				TARGETED_DEVICE_FAMILY = 1;
				TEST_HOST = "$(BUILT_PRODUCTS_DIR)/Kinex Fit.app/Kinex Fit";
			};
			name = Release;
		};
		FA58C133426245D8BB3FA94B /* Release */ = {
			isa = XCBuildConfiguration;
			buildSettings = {
				CODE_SIGN_ENTITLEMENTS = KinexFitShareExtension/KinexFitShareExtension.entitlements;
				CURRENT_PROJECT_VERSION = 1;
				DEVELOPMENT_TEAM = J6G8H8EZWS;
				INFOPLIST_FILE = KinexFitShareExtension/Info.plist;
				IPHONEOS_DEPLOYMENT_TARGET = 17.6;
				LD_RUNPATH_SEARCH_PATHS = (
					"$(inherited)",
					"@executable_path/Frameworks",
					"@executable_path/../../Frameworks",
				);
				MARKETING_VERSION = 1.0;
				PRODUCT_BUNDLE_IDENTIFIER = com.kinex.fit.shareextension;
				SDKROOT = iphoneos;
				SWIFT_VERSION = 5.0;
				TARGETED_DEVICE_FAMILY = 1;
			};
			name = Release;
		};
/* End XCBuildConfiguration section */

/* Begin XCConfigurationList section */
		244C78D5EF5F7B575377CFB9 /* Build configuration list for PBXNativeTarget "Kinex Fit" */ = {
			isa = XCConfigurationList;
			buildConfigurations = (
				88E0412807D037E7CF53180D /* Debug */,
				43A807684D426ADEE689E5D3 /* Release */,
			);
			defaultConfigurationIsVisible = 0;
			defaultConfigurationName = Debug;
		};
		6ECB9C13E819063F672D0B6B /* Build configuration list for PBXNativeTarget "Kinex FitTests" */ = {
			isa = XCConfigurationList;
			buildConfigurations = (
				7E165914F3C293FEE0C984FC /* Debug */,
				D900296D6EB1BDE1B533F398 /* Release */,
			);
			defaultConfigurationIsVisible = 0;
			defaultConfigurationName = Debug;
		};
		776C46E4D21D5864AA5F487D /* Build configuration list for PBXProject "Kinex Fit" */ = {
			isa = XCConfigurationList;
			buildConfigurations = (
				52D8A27C378D2792F9075F55 /* Debug */,
				4EC862B299B000CB321ACE22 /* Release */,
			);
			defaultConfigurationIsVisible = 0;
			defaultConfigurationName = Debug;
		};
		D0C01E0B7EB35384A6ECEFD3 /* Build configuration list for PBXNativeTarget "KinexFitShareExtension" */ = {
			isa = XCConfigurationList;
			buildConfigurations = (
				244A63C2FFC733A048E35875 /* Debug */,
				FA58C133426245D8BB3FA94B /* Release */,
			);
			defaultConfigurationIsVisible = 0;
			defaultConfigurationName = Debug;
		};
/* End XCConfigurationList section */

/* Begin XCRemoteSwiftPackageReference section */
		88FAF597F5352C7B80DFC340 /* XCRemoteSwiftPackageReference "GRDB.swift" */ = {
			isa = XCRemoteSwiftPackageReference;
			repositoryURL = "https://github.com/groue/GRDB.swift.git";
			requirement = {
				kind = upToNextMajorVersion;
				minimumVersion = 7.0.0;
			};
		};
		8A7B7B7C72630E6B430DA2D1 /* XCRemoteSwiftPackageReference "GoogleSignIn-iOS" */ = {
			isa = XCRemoteSwiftPackageReference;
			repositoryURL = "https://github.com/google/GoogleSignIn-iOS.git";
			requirement = {
				kind = upToNextMajorVersion;
				minimumVersion = 8.0.0;
			};
		};
		F9B514C268842BC5059B736D /* XCRemoteSwiftPackageReference "facebook-ios-sdk" */ = {
			isa = XCRemoteSwiftPackageReference;
			repositoryURL = "https://github.com/facebook/facebook-ios-sdk.git";
			requirement = {
				kind = upToNextMajorVersion;
				minimumVersion = 17.0.0;
			};
		};
/* End XCRemoteSwiftPackageReference section */

/* Begin XCSwiftPackageProductDependency section */
		33DFF65D44F59BDD0476CBE5 /* GRDB */ = {
			isa = XCSwiftPackageProductDependency;
			package = 88FAF597F5352C7B80DFC340 /* XCRemoteSwiftPackageReference "GRDB.swift" */;
			productName = GRDB;
		};
		8B725E1DC09C714547A141B4 /* FacebookCore */ = {
			isa = XCSwiftPackageProductDependency;
			package = F9B514C268842BC5059B736D /* XCRemoteSwiftPackageReference "facebook-ios-sdk" */;
			productName = FacebookCore;
		};
		917FA021EEB3292AB35945B4 /* GoogleSignIn */ = {
			isa = XCSwiftPackageProductDependency;
			package = 8A7B7B7C72630E6B430DA2D1 /* XCRemoteSwiftPackageReference "GoogleSignIn-iOS" */;
			productName = GoogleSignIn;
		};
		B6198D933A6CCD5035ABF8B7 /* FacebookLogin */ = {
			isa = XCSwiftPackageProductDependency;
			package = F9B514C268842BC5059B736D /* XCRemoteSwiftPackageReference "facebook-ios-sdk" */;
			productName = FacebookLogin;
		};
/* End XCSwiftPackageProductDependency section */
	};
	rootObject = ADB714D78300FC31ACA6E446 /* Project object */;
}
